
Microsoft Visual Studio Solution File, Format Version 10.00
# Visual Studio 2008
Project("{2150E333-8FDC-42A3-9474-1A3956D46DE8}") = "01.GB28181网关", "01.GB28181网关", "{3DD410BC-A9C9-4652-B11D-285A57936B76}"
EndProject
Project("{8BC9CEB8-8B4A-11D0-8D11-00A0C91BC942}") = "GxxGm28181Signalgateway", "GxxGm28181Signalgateway\GxxGm28181Signalgateway.vcproj", "{167331A4-A36B-4529-974A-A25F9906F0A8}"
	ProjectSection(ProjectDependencies) = postProject
		{E9B65B9B-73ED-4E02-98D2-20FB5C3F760B} = {E9B65B9B-73ED-4E02-98D2-20FB5C3F760B}
	EndProjectSection
EndProject
Project("{8BC9CEB8-8B4A-11D0-8D11-00A0C91BC942}") = "mod_UpGateway", "mod_UpGateway\mod_UpGateway.vcproj", "{E9B65B9B-73ED-4E02-98D2-20FB5C3F760B}"
EndProject
Project("{2150E333-8FDC-42A3-9474-1A3956D46DE8}") = "02.Windows系统转GB28181-2016设备", "02.Windows系统转GB28181-2016设备", "{F71FB5C0-BF1B-48B7-A629-FD2CE1723471}"
EndProject
Project("{8BC9CEB8-8B4A-11D0-8D11-00A0C91BC942}") = "GxxGm28181Proxy", "GxxGm28181Proxy\GxxGm28181Proxy.vcproj", "{FD66D502-29F6-4CFE-ABB3-D2FAFBA91DE8}"
	ProjectSection(ProjectDependencies) = postProject
		{325C5E1F-F4C2-454D-9CBE-1EA04573DB8E} = {325C5E1F-F4C2-454D-9CBE-1EA04573DB8E}
	EndProjectSection
EndProject
Project("{8BC9CEB8-8B4A-11D0-8D11-00A0C91BC942}") = "mod_SingleWindowsSystem", "mod_SingleWindowsSystem\mod_SingleWindowsSystem.vcproj", "{325C5E1F-F4C2-454D-9CBE-1EA04573DB8E}"
EndProject
Project("{8BC9CEB8-8B4A-11D0-8D11-00A0C91BC942}") = "GxxGmLocalSysProxy", "GxxGmLocalSysProxy\GxxGmLocalSysProxy.vcproj", "{7A0AC0B7-0C08-44F9-A955-2A1A2BD689BB}"
EndProject
Project("{2150E333-8FDC-42A3-9474-1A3956D46DE8}") = "03.本地视音频采集", "03.本地视音频采集", "{B2244F5D-7C9A-4BA7-9AC6-BD02A94C74B4}"
EndProject
Project("{8BC9CEB8-8B4A-11D0-8D11-00A0C91BC942}") = "GxxGmLocalVideoCapture", "GxxGmLocalVideoCapture\GxxGmLocalVideoCapture.vcproj", "{88DB1DFD-E816-4EFE-8756-35E4BD2D9CE1}"
EndProject
Project("{2150E333-8FDC-42A3-9474-1A3956D46DE8}") = "99.GXX库测试", "99.GXX库测试", "{0133A647-FD2D-41B2-A0A6-AD03D5487754}"
EndProject
Project("{8BC9CEB8-8B4A-11D0-8D11-00A0C91BC942}") = "GxxGmQpidClient", "GxxGmQpidClient\GxxGmQpidClient.vcproj", "{2C27BE4C-3C1D-4491-9128-3D602DBAB2BD}"
EndProject
Project("{8BC9CEB8-8B4A-11D0-8D11-00A0C91BC942}") = "GxxGm28181MediaServer", "GxxGm28181MediaServer\GxxGm28181MediaServer.vcproj", "{B779172B-7536-41FE-8D6B-58D8EC6A4F4E}"
EndProject
Project("{2150E333-8FDC-42A3-9474-1A3956D46DE8}") = "01.信令网关", "01.信令网关", "{095EB414-47BD-4780-B588-7A5C3A884CF7}"
EndProject
Project("{2150E333-8FDC-42A3-9474-1A3956D46DE8}") = "02.媒体网关", "02.媒体网关", "{808FDA11-9431-43D7-9619-3AB9F5701E42}"
EndProject
Project("{8BC9CEB8-8B4A-11D0-8D11-00A0C91BC942}") = "mod_MediaServer", "mod_MediaServer\mod_MediaServer.vcproj", "{DA503779-60E4-4066-8F4C-4D4C45A18DE8}"
EndProject
Project("{8BC9CEB8-8B4A-11D0-8D11-00A0C91BC942}") = "GxxGm28181SignalGateway_Down_Demo", "GxxGm28181SignalGateway_Down_Demo\GxxGm28181SignalGateway_Down_Demo.vcproj", "{FD81B803-1BEB-4E4C-837C-91B99A3B5913}"
EndProject
Project("{2150E333-8FDC-42A3-9474-1A3956D46DE8}") = "04.消息总线通信代理", "04.消息总线通信代理", "{74B2A079-5439-4E9D-9013-693F0B8391B0}"
EndProject
Project("{8BC9CEB8-8B4A-11D0-8D11-00A0C91BC942}") = "GxxGmMsgBusProxy", "GxxGmMsgBusProxy\GxxGmMsgBusProxy.vcproj", "{9FBF6FB0-8A6D-4BF2-9C39-59AEDA4E7243}"
EndProject
Project("{2150E333-8FDC-42A3-9474-1A3956D46DE8}") = "05.GB28181模拟器", "05.GB28181模拟器", "{883B926A-DF7D-493B-A625-A5911ADAF268}"
EndProject
Project("{2150E333-8FDC-42A3-9474-1A3956D46DE8}") = "01.GB28181下级平台", "01.GB28181下级平台", "{9E9CB137-C223-4E29-B0F7-389AA3DACC2A}"
EndProject
Project("{8BC9CEB8-8B4A-11D0-8D11-00A0C91BC942}") = "GB28181ClientPlatform", "GB28181ClientPlatform\GB28181ClientPlatform.vcproj", "{5ED23B5E-FF78-4910-8CDC-EBFD4E89F100}"
EndProject
Project("{8BC9CEB8-8B4A-11D0-8D11-00A0C91BC942}") = "sqlite", "sqlite\sqlite.vcproj", "{94FFB2B2-7B71-4326-9167-CCA333128B1D}"
EndProject
Project("{2150E333-8FDC-42A3-9474-1A3956D46DE8}") = "06.视音频处理", "06.视音频处理", "{79F8E5DB-7612-42CF-9450-754F667555AD}"
EndProject
Project("{8BC9CEB8-8B4A-11D0-8D11-00A0C91BC942}") = "GxxGmMediaHandler", "GxxGmMediaHandler\GxxGmMediaHandler.vcproj", "{FCE954BD-B822-4EDE-B152-11F2F8352E5D}"
EndProject
Global
	GlobalSection(SolutionConfigurationPlatforms) = preSolution
		Debug|Win32 = Debug|Win32
		Release|Win32 = Release|Win32
	EndGlobalSection
	GlobalSection(ProjectConfigurationPlatforms) = postSolution
		{167331A4-A36B-4529-974A-A25F9906F0A8}.Debug|Win32.ActiveCfg = Debug|Win32
		{167331A4-A36B-4529-974A-A25F9906F0A8}.Debug|Win32.Build.0 = Debug|Win32
		{167331A4-A36B-4529-974A-A25F9906F0A8}.Release|Win32.ActiveCfg = Release|Win32
		{167331A4-A36B-4529-974A-A25F9906F0A8}.Release|Win32.Build.0 = Release|Win32
		{E9B65B9B-73ED-4E02-98D2-20FB5C3F760B}.Debug|Win32.ActiveCfg = Debug|Win32
		{E9B65B9B-73ED-4E02-98D2-20FB5C3F760B}.Debug|Win32.Build.0 = Debug|Win32
		{E9B65B9B-73ED-4E02-98D2-20FB5C3F760B}.Release|Win32.ActiveCfg = Release|Win32
		{E9B65B9B-73ED-4E02-98D2-20FB5C3F760B}.Release|Win32.Build.0 = Release|Win32
		{FD66D502-29F6-4CFE-ABB3-D2FAFBA91DE8}.Debug|Win32.ActiveCfg = Debug|Win32
		{FD66D502-29F6-4CFE-ABB3-D2FAFBA91DE8}.Debug|Win32.Build.0 = Debug|Win32
		{FD66D502-29F6-4CFE-ABB3-D2FAFBA91DE8}.Release|Win32.ActiveCfg = Release|Win32
		{FD66D502-29F6-4CFE-ABB3-D2FAFBA91DE8}.Release|Win32.Build.0 = Release|Win32
		{325C5E1F-F4C2-454D-9CBE-1EA04573DB8E}.Debug|Win32.ActiveCfg = Debug|Win32
		{325C5E1F-F4C2-454D-9CBE-1EA04573DB8E}.Debug|Win32.Build.0 = Debug|Win32
		{325C5E1F-F4C2-454D-9CBE-1EA04573DB8E}.Release|Win32.ActiveCfg = Release|Win32
		{325C5E1F-F4C2-454D-9CBE-1EA04573DB8E}.Release|Win32.Build.0 = Release|Win32
		{7A0AC0B7-0C08-44F9-A955-2A1A2BD689BB}.Debug|Win32.ActiveCfg = Debug|Win32
		{7A0AC0B7-0C08-44F9-A955-2A1A2BD689BB}.Debug|Win32.Build.0 = Debug|Win32
		{7A0AC0B7-0C08-44F9-A955-2A1A2BD689BB}.Release|Win32.ActiveCfg = Release|Win32
		{7A0AC0B7-0C08-44F9-A955-2A1A2BD689BB}.Release|Win32.Build.0 = Release|Win32
		{88DB1DFD-E816-4EFE-8756-35E4BD2D9CE1}.Debug|Win32.ActiveCfg = Debug|Win32
		{88DB1DFD-E816-4EFE-8756-35E4BD2D9CE1}.Debug|Win32.Build.0 = Debug|Win32
		{88DB1DFD-E816-4EFE-8756-35E4BD2D9CE1}.Release|Win32.ActiveCfg = Release|Win32
		{88DB1DFD-E816-4EFE-8756-35E4BD2D9CE1}.Release|Win32.Build.0 = Release|Win32
		{2C27BE4C-3C1D-4491-9128-3D602DBAB2BD}.Debug|Win32.ActiveCfg = Debug|Win32
		{2C27BE4C-3C1D-4491-9128-3D602DBAB2BD}.Debug|Win32.Build.0 = Debug|Win32
		{2C27BE4C-3C1D-4491-9128-3D602DBAB2BD}.Release|Win32.ActiveCfg = Release|Win32
		{2C27BE4C-3C1D-4491-9128-3D602DBAB2BD}.Release|Win32.Build.0 = Release|Win32
		{B779172B-7536-41FE-8D6B-58D8EC6A4F4E}.Debug|Win32.ActiveCfg = Debug|Win32
		{B779172B-7536-41FE-8D6B-58D8EC6A4F4E}.Debug|Win32.Build.0 = Debug|Win32
		{B779172B-7536-41FE-8D6B-58D8EC6A4F4E}.Release|Win32.ActiveCfg = Release|Win32
		{B779172B-7536-41FE-8D6B-58D8EC6A4F4E}.Release|Win32.Build.0 = Release|Win32
		{DA503779-60E4-4066-8F4C-4D4C45A18DE8}.Debug|Win32.ActiveCfg = Debug|Win32
		{DA503779-60E4-4066-8F4C-4D4C45A18DE8}.Debug|Win32.Build.0 = Debug|Win32
		{DA503779-60E4-4066-8F4C-4D4C45A18DE8}.Release|Win32.ActiveCfg = Release|Win32
		{DA503779-60E4-4066-8F4C-4D4C45A18DE8}.Release|Win32.Build.0 = Release|Win32
		{FD81B803-1BEB-4E4C-837C-91B99A3B5913}.Debug|Win32.ActiveCfg = Debug|Win32
		{FD81B803-1BEB-4E4C-837C-91B99A3B5913}.Debug|Win32.Build.0 = Debug|Win32
		{FD81B803-1BEB-4E4C-837C-91B99A3B5913}.Release|Win32.ActiveCfg = Release|Win32
		{FD81B803-1BEB-4E4C-837C-91B99A3B5913}.Release|Win32.Build.0 = Release|Win32
		{9FBF6FB0-8A6D-4BF2-9C39-59AEDA4E7243}.Debug|Win32.ActiveCfg = Debug|Win32
		{9FBF6FB0-8A6D-4BF2-9C39-59AEDA4E7243}.Debug|Win32.Build.0 = Debug|Win32
		{9FBF6FB0-8A6D-4BF2-9C39-59AEDA4E7243}.Release|Win32.ActiveCfg = Release|Win32
		{9FBF6FB0-8A6D-4BF2-9C39-59AEDA4E7243}.Release|Win32.Build.0 = Release|Win32
		{5ED23B5E-FF78-4910-8CDC-EBFD4E89F100}.Debug|Win32.ActiveCfg = Debug|Win32
		{5ED23B5E-FF78-4910-8CDC-EBFD4E89F100}.Debug|Win32.Build.0 = Debug|Win32
		{5ED23B5E-FF78-4910-8CDC-EBFD4E89F100}.Release|Win32.ActiveCfg = Release|Win32
		{5ED23B5E-FF78-4910-8CDC-EBFD4E89F100}.Release|Win32.Build.0 = Release|Win32
		{94FFB2B2-7B71-4326-9167-CCA333128B1D}.Debug|Win32.ActiveCfg = Debug|Win32
		{94FFB2B2-7B71-4326-9167-CCA333128B1D}.Debug|Win32.Build.0 = Debug|Win32
		{94FFB2B2-7B71-4326-9167-CCA333128B1D}.Release|Win32.ActiveCfg = Release|Win32
		{94FFB2B2-7B71-4326-9167-CCA333128B1D}.Release|Win32.Build.0 = Release|Win32
		{FCE954BD-B822-4EDE-B152-11F2F8352E5D}.Debug|Win32.ActiveCfg = Debug|Win32
		{FCE954BD-B822-4EDE-B152-11F2F8352E5D}.Debug|Win32.Build.0 = Debug|Win32
		{FCE954BD-B822-4EDE-B152-11F2F8352E5D}.Release|Win32.ActiveCfg = Release|Win32
		{FCE954BD-B822-4EDE-B152-11F2F8352E5D}.Release|Win32.Build.0 = Release|Win32
	EndGlobalSection
	GlobalSection(SolutionProperties) = preSolution
		HideSolutionNode = FALSE
	EndGlobalSection
	GlobalSection(NestedProjects) = preSolution
		{167331A4-A36B-4529-974A-A25F9906F0A8} = {3DD410BC-A9C9-4652-B11D-285A57936B76}
		{E9B65B9B-73ED-4E02-98D2-20FB5C3F760B} = {3DD410BC-A9C9-4652-B11D-285A57936B76}
		{FD81B803-1BEB-4E4C-837C-91B99A3B5913} = {3DD410BC-A9C9-4652-B11D-285A57936B76}
		{095EB414-47BD-4780-B588-7A5C3A884CF7} = {F71FB5C0-BF1B-48B7-A629-FD2CE1723471}
		{808FDA11-9431-43D7-9619-3AB9F5701E42} = {F71FB5C0-BF1B-48B7-A629-FD2CE1723471}
		{325C5E1F-F4C2-454D-9CBE-1EA04573DB8E} = {095EB414-47BD-4780-B588-7A5C3A884CF7}
		{7A0AC0B7-0C08-44F9-A955-2A1A2BD689BB} = {095EB414-47BD-4780-B588-7A5C3A884CF7}
		{FD66D502-29F6-4CFE-ABB3-D2FAFBA91DE8} = {095EB414-47BD-4780-B588-7A5C3A884CF7}
		{88DB1DFD-E816-4EFE-8756-35E4BD2D9CE1} = {B2244F5D-7C9A-4BA7-9AC6-BD02A94C74B4}
		{2C27BE4C-3C1D-4491-9128-3D602DBAB2BD} = {0133A647-FD2D-41B2-A0A6-AD03D5487754}
		{B779172B-7536-41FE-8D6B-58D8EC6A4F4E} = {808FDA11-9431-43D7-9619-3AB9F5701E42}
		{DA503779-60E4-4066-8F4C-4D4C45A18DE8} = {808FDA11-9431-43D7-9619-3AB9F5701E42}
		{9FBF6FB0-8A6D-4BF2-9C39-59AEDA4E7243} = {74B2A079-5439-4E9D-9013-693F0B8391B0}
		{9E9CB137-C223-4E29-B0F7-389AA3DACC2A} = {883B926A-DF7D-493B-A625-A5911ADAF268}
		{5ED23B5E-FF78-4910-8CDC-EBFD4E89F100} = {9E9CB137-C223-4E29-B0F7-389AA3DACC2A}
		{94FFB2B2-7B71-4326-9167-CCA333128B1D} = {9E9CB137-C223-4E29-B0F7-389AA3DACC2A}
		{FCE954BD-B822-4EDE-B152-11F2F8352E5D} = {79F8E5DB-7612-42CF-9450-754F667555AD}
	EndGlobalSection
EndGlobal
