
Microsoft Visual Studio Solution File, Format Version 10.00
# Visual Studio 2008
Project("{2150E333-8FDC-42A3-9474-1A3956D46DE8}") = "01. GB28181网关", "01. GB28181网关", "{3DD410BC-A9C9-4652-B11D-285A57936B76}"
EndProject
Project("{8BC9CEB8-8B4A-11D0-8D11-00A0C91BC942}") = "GxxGm28181Signalgateway", "GxxGm28181Signalgateway\GxxGm28181Signalgateway.vcproj", "{167331A4-A36B-4529-974A-A25F9906F0A8}"
	ProjectSection(ProjectDependencies) = postProject
		{E9B65B9B-73ED-4E02-98D2-20FB5C3F760B} = {E9B65B9B-73ED-4E02-98D2-20FB5C3F760B}
	EndProjectSection
EndProject
Project("{8BC9CEB8-8B4A-11D0-8D11-00A0C91BC942}") = "mod_UpGateway", "mod_UpGateway\mod_UpGateway.vcproj", "{E9B65B9B-73ED-4E02-98D2-20FB5C3F760B}"
EndProject
Project("{2150E333-8FDC-42A3-9474-1A3956D46DE8}") = "02. Windows系统转GB28181-2016设备", "02. Windows系统转GB28181-2016设备", "{F71FB5C0-BF1B-48B7-A629-FD2CE1723471}"
EndProject
Project("{8BC9CEB8-8B4A-11D0-8D11-00A0C91BC942}") = "GxxGm28181Proxy", "GxxGm28181Proxy\GxxGm28181Proxy.vcproj", "{FD66D502-29F6-4CFE-ABB3-D2FAFBA91DE8}"
	ProjectSection(ProjectDependencies) = postProject
		{325C5E1F-F4C2-454D-9CBE-1EA04573DB8E} = {325C5E1F-F4C2-454D-9CBE-1EA04573DB8E}
	EndProjectSection
EndProject
Project("{8BC9CEB8-8B4A-11D0-8D11-00A0C91BC942}") = "mod_SingleWindowsSystem", "mod_SingleWindowsSystem\mod_SingleWindowsSystem.vcproj", "{325C5E1F-F4C2-454D-9CBE-1EA04573DB8E}"
EndProject
Project("{8BC9CEB8-8B4A-11D0-8D11-00A0C91BC942}") = "GxxGmLocalSysProxy", "GxxGmLocalSysProxy\GxxGmLocalSysProxy.vcproj", "{7A0AC0B7-0C08-44F9-A955-2A1A2BD689BB}"
EndProject
Project("{2150E333-8FDC-42A3-9474-1A3956D46DE8}") = "03. 本地视音频采集", "03. 本地视音频采集", "{B2244F5D-7C9A-4BA7-9AC6-BD02A94C74B4}"
EndProject
Project("{8BC9CEB8-8B4A-11D0-8D11-00A0C91BC942}") = "GxxGmLocalVideoCapture", "GxxGmLocalVideoCapture\GxxGmLocalVideoCapture.vcproj", "{88DB1DFD-E816-4EFE-8756-35E4BD2D9CE1}"
EndProject
Project("{2150E333-8FDC-42A3-9474-1A3956D46DE8}") = "99. GXX库测试", "99. GXX库测试", "{0133A647-FD2D-41B2-A0A6-AD03D5487754}"
EndProject
Project("{8BC9CEB8-8B4A-11D0-8D11-00A0C91BC942}") = "GxxGmQpidClient", "GxxGmQpidClient\GxxGmQpidClient.vcproj", "{2C27BE4C-3C1D-4491-9128-3D602DBAB2BD}"
EndProject
Project("{8BC9CEB8-8B4A-11D0-8D11-00A0C91BC942}") = "GxxGm28181MediaServer", "GxxGm28181MediaServer\GxxGm28181MediaServer.vcproj", "{B779172B-7536-41FE-8D6B-58D8EC6A4F4E}"
EndProject
Project("{2150E333-8FDC-42A3-9474-1A3956D46DE8}") = "01.信令网关", "01.信令网关", "{095EB414-47BD-4780-B588-7A5C3A884CF7}"
EndProject
Project("{2150E333-8FDC-42A3-9474-1A3956D46DE8}") = "02.媒体网关", "02.媒体网关", "{808FDA11-9431-43D7-9619-3AB9F5701E42}"
EndProject
Project("{8BC9CEB8-8B4A-11D0-8D11-00A0C91BC942}") = "mod_MediaServer", "mod_MediaServer\mod_MediaServer.vcproj", "{DA503779-60E4-4066-8F4C-4D4C45A18DE8}"
EndProject
Project("{8BC9CEB8-8B4A-11D0-8D11-00A0C91BC942}") = "GxxGm28181SignalGateway_Down_Demo", "GxxGm28181SignalGateway_Down_Demo\GxxGm28181SignalGateway_Down_Demo.vcproj", "{FD81B803-1BEB-4E4C-837C-91B99A3B5913}"
EndProject
Project("{2150E333-8FDC-42A3-9474-1A3956D46DE8}") = "04. 消息总线通信代理", "04. 消息总线通信代理", "{74B2A079-5439-4E9D-9013-693F0B8391B0}"
EndProject
Project("{8BC9CEB8-8B4A-11D0-8D11-00A0C91BC942}") = "GxxGmMsgBusProxy", "GxxGmMsgBusProxy\GxxGmMsgBusProxy.vcproj", "{9FBF6FB0-8A6D-4BF2-9C39-59AEDA4E7243}"
EndProject
Project("{2150E333-8FDC-42A3-9474-1A3956D46DE8}") = "05. GB28181模拟器", "05. GB28181模拟器", "{883B926A-DF7D-493B-A625-A5911ADAF268}"
EndProject
Project("{2150E333-8FDC-42A3-9474-1A3956D46DE8}") = "01.GB28181下级平台", "01.GB28181下级平台", "{9E9CB137-C223-4E29-B0F7-389AA3DACC2A}"
EndProject
Project("{8BC9CEB8-8B4A-11D0-8D11-00A0C91BC942}") = "GB28181ClientPlatform", "GB28181ClientPlatform\GB28181ClientPlatform.vcproj", "{5ED23B5E-FF78-4910-8CDC-EBFD4E89F100}"
EndProject
Project("{8BC9CEB8-8B4A-11D0-8D11-00A0C91BC942}") = "sqlite", "sqlite\sqlite.vcproj", "{94FFB2B2-7B71-4326-9167-CCA333128B1D}"
EndProject
Project("{2150E333-8FDC-42A3-9474-1A3956D46DE8}") = "06. 视音频处理", "06. 视音频处理", "{79F8E5DB-7612-42CF-9450-754F667555AD}"
EndProject
Project("{8BC9CEB8-8B4A-11D0-8D11-00A0C91BC942}") = "GxxGmMediaHandler", "GxxGmMediaHandler\GxxGmMediaHandler.vcproj", "{FCE954BD-B822-4EDE-B152-11F2F8352E5D}"
EndProject
Project("{2150E333-8FDC-42A3-9474-1A3956D46DE8}") = "03.GB28181模拟设备", "03.GB28181模拟设备", "{F7376207-F771-4564-B80E-77190E1E5CA5}"
EndProject
Project("{8BC9CEB8-8B4A-11D0-8D11-00A0C91BC942}") = "GB28181DeviceSimulater", "GB28181DeviceSimulater\GB28181DeviceSimulater.vcproj", "{DC360C94-343A-484F-ACBE-6253FDE7DE00}"
EndProject
Project("{2150E333-8FDC-42A3-9474-1A3956D46DE8}") = "02.GB28181上级平台", "02.GB28181上级平台", "{7EB43E23-C3B9-4C3A-B30B-D1E2D8128E6F}"
EndProject
Project("{8BC9CEB8-8B4A-11D0-8D11-00A0C91BC942}") = "GB28181ServerPlatform", "GB28181ServerPlatform\GB28181ServerPlatform.vcproj", "{645077A3-4887-4A4F-A313-E3D2543CC307}"
EndProject
Project("{2150E333-8FDC-42A3-9474-1A3956D46DE8}") = "07. 人脸车牌识别", "07. 人脸车牌识别", "{5BB2C71F-920D-4AD2-8741-012EEC9FF923}"
EndProject
Project("{8BC9CEB8-8B4A-11D0-8D11-00A0C91BC942}") = "GxxGmFaceRecong", "GxxGmFaceRecong\GxxGmFaceRecong.vcproj", "{0C02C6BD-5993-46B2-BE24-C969D47C88C9}"
EndProject
Project("{2150E333-8FDC-42A3-9474-1A3956D46DE8}") = "08. 视频文件分析", "08. 视频文件分析", "{4BF06DFD-DA26-4784-ABBD-F50F40CAAADC}"
EndProject
Project("{8BC9CEB8-8B4A-11D0-8D11-00A0C91BC942}") = "GxxGmPSPacketAnalyze", "GxxGmPSPacketAnalyze\GxxGmPSPacketAnalyze.vcproj", "{2BFC8AA6-94C7-4E9F-B10F-7B7A527D490A}"
EndProject
Project("{8BC9CEB8-8B4A-11D0-8D11-00A0C91BC942}") = "GxxGmPSPacketAnalyzeEx", "GxxGmPSPacketAnalyzeEx\GxxGmPSPacketAnalyzeEx.vcproj", "{9EFD26C9-F440-45A6-B56E-0EAB70334E7D}"
EndProject
Project("{2150E333-8FDC-42A3-9474-1A3956D46DE8}") = "09. 刻录", "09. 刻录", "{6DB5DA0C-93BC-4D74-AD69-977B3013412B}"
EndProject
Project("{8BC9CEB8-8B4A-11D0-8D11-00A0C91BC942}") = "GxxGmCDBurnDemo", "GxxGmCDBurnDemo\GxxGmCDBurnDemo.vcproj", "{ABAB556E-E894-4B3C-828F-86FAA01E8755}"
EndProject
Project("{8BC9CEB8-8B4A-11D0-8D11-00A0C91BC942}") = "GxxGmCDBurnDemoEx", "GxxGmCDBurnDemoEx\GxxGmCDBurnDemoEx.vcproj", "{E45B6942-E403-4BC1-9F50-B50E2819FA03}"
EndProject
Project("{8BC9CEB8-8B4A-11D0-8D11-00A0C91BC942}") = "GxxGmDSJSimulater", "GxxGmDSJSimulater\GxxGmDSJSimulater.vcproj", "{D70B8082-885A-4796-AC4B-FD3BA60A227D}"
EndProject
Project("{8BC9CEB8-8B4A-11D0-8D11-00A0C91BC942}") = "GxxGmDSJSimulaterContainer", "GxxGmDSJSimulaterContainer\GxxGmDSJSimulaterContainer.vcproj", "{B2A4FDC6-7DA9-4734-AB94-6E9E6D19A719}"
	ProjectSection(ProjectDependencies) = postProject
		{D70B8082-885A-4796-AC4B-FD3BA60A227D} = {D70B8082-885A-4796-AC4B-FD3BA60A227D}
	EndProjectSection
EndProject
Project("{2150E333-8FDC-42A3-9474-1A3956D46DE8}") = "10. GoVideo", "10. GoVideo", "{88643698-EC75-4758-A496-490C28BB65C7}"
EndProject
Project("{8BC9CEB8-8B4A-11D0-8D11-00A0C91BC942}") = "GxxGmGoVideoCommDemo", "GxxGmGoVideoCommDemo\GxxGmGoVideoCommDemo.vcproj", "{16A2C3A1-3672-4FB3-B718-1A593D7DDD4B}"
	ProjectSection(ProjectDependencies) = postProject
		{E2962D7F-E77F-463A-8D59-134AC15187A2} = {E2962D7F-E77F-463A-8D59-134AC15187A2}
	EndProjectSection
EndProject
Project("{8BC9CEB8-8B4A-11D0-8D11-00A0C91BC942}") = "GxxGmGoVideo", "GxxGmGoVideo\GxxGmGoVideo.vcproj", "{E2962D7F-E77F-463A-8D59-134AC15187A2}"
EndProject
Project("{2150E333-8FDC-42A3-9474-1A3956D46DE8}") = "98. Poco", "98. Poco", "{F5ED3139-3E61-4115-A357-E87B513587C5}"
EndProject
Project("{8BC9CEB8-8B4A-11D0-8D11-00A0C91BC942}") = "PocoHttpServer", "PocoHttpServer\PocoHttpServer.vcproj", "{B181219F-9C93-46EA-BB02-8E36E8625DC6}"
EndProject
Project("{2150E333-8FDC-42A3-9474-1A3956D46DE8}") = "11. GxxGm播放框架", "11. GxxGm播放框架", "{46D0F9B8-2DEA-471F-BDC4-DCB05F5876ED}"
EndProject
Project("{8BC9CEB8-8B4A-11D0-8D11-00A0C91BC942}") = "GxxGmPlayerDemo", "GxxGmPlayerDemo\GxxGmPlayerDemo.vcproj", "{96E274D7-A44C-4AAA-A6A9-531036C75740}"
	ProjectSection(ProjectDependencies) = postProject
		{E2962D7F-E77F-463A-8D59-134AC15187A2} = {E2962D7F-E77F-463A-8D59-134AC15187A2}
	EndProjectSection
EndProject
Project("{8BC9CEB8-8B4A-11D0-8D11-00A0C91BC942}") = "GxxGmStreamEncoder", "GxxGmStreamEncoder\GxxGmStreamEncoder.vcproj", "{50297366-62E7-4EE1-A31F-684D54D796D4}"
EndProject
Project("{2150E333-8FDC-42A3-9474-1A3956D46DE8}") = "89. FFmpeg桩", "89. FFmpeg桩", "{17A95C39-5B25-4916-A515-2B10E5388FA8}"
EndProject
Project("{8BC9CEB8-8B4A-11D0-8D11-00A0C91BC942}") = "GxxGmFFmpegStub", "GxxGmFFmpegStub\GxxGmFFmpegStub.vcproj", "{3590ABAF-2983-42D5-8D29-BE3943A1ABBB}"
EndProject
Project("{8BC9CEB8-8B4A-11D0-8D11-00A0C91BC942}") = "PocoTextConverse", "PocoTextConverse\PocoTextConverse.vcproj", "{6B767E5F-61CD-460A-9640-BA7C95D3B18A}"
EndProject
Project("{2150E333-8FDC-42A3-9474-1A3956D46DE8}") = "12. 网络协议数据分析", "12. 网络协议数据分析", "{C63A5206-FD54-400D-8E84-C802D9A3B821}"
EndProject
Project("{8BC9CEB8-8B4A-11D0-8D11-00A0C91BC942}") = "GxxGmRtpParse", "GxxGmRtpParse\GxxGmRtpParse.vcproj", "{C7C54F22-16C7-4FAE-A01C-CA50DF9863F0}"
EndProject
Project("{2150E333-8FDC-42A3-9474-1A3956D46DE8}") = "13. 媒体分析", "13. 媒体分析", "{4D1C02DE-6897-4BB4-8CDA-AF87E8A08F8E}"
EndProject
Project("{8BC9CEB8-8B4A-11D0-8D11-00A0C91BC942}") = "GxxGmPsParse", "GxxGmPsParse\GxxGmPsParse.vcproj", "{0ABCDA36-939D-44D1-9208-A6B20F581043}"
EndProject
Project("{8BC9CEB8-8B4A-11D0-8D11-00A0C91BC942}") = "GxxGmVideoParseTool", "GxxGmVideoParseTool\GxxGmVideoParseTool.vcproj", "{8039FE35-065F-4ACA-83DA-BA086E6E5A9B}"
EndProject
Project("{8BC9CEB8-8B4A-11D0-8D11-00A0C91BC942}") = "GxxGmDemuxing", "GxxGmDemuxing\GxxGmDemuxing.vcproj", "{7D69597F-0171-411D-894D-690D4D87C7D9}"
EndProject
Project("{8BC9CEB8-8B4A-11D0-8D11-00A0C91BC942}") = "GxxGmMultiDispPreDev", "GxxGmMultiDispPreDev\GxxGmMultiDispPreDev.vcproj", "{8F375B54-8275-4A3C-84D2-BDF9E40397A9}"
EndProject
Project("{8BC9CEB8-8B4A-11D0-8D11-00A0C91BC942}") = "GxxGmRecordPlayer", "GxxGmRecordPlayer\GxxGmRecordPlayer.vcproj", "{52473125-45F6-41F8-A1FD-34E829143637}"
EndProject
Project("{8BC9CEB8-8B4A-11D0-8D11-00A0C91BC942}") = "GxxGmDSJSimulaterTracert", "GxxGmDSJSimulaterTracert\GxxGmDSJSimulaterTracert.vcproj", "{B8B9F791-B8D0-4FE8-A7EE-87646DB4995F}"
	ProjectSection(ProjectDependencies) = postProject
		{D70B8082-885A-4796-AC4B-FD3BA60A227D} = {D70B8082-885A-4796-AC4B-FD3BA60A227D}
	EndProjectSection
EndProject
Project("{2150E333-8FDC-42A3-9474-1A3956D46DE8}") = "04. GB28181接入网关", "04. GB28181接入网关", "{789C2E9E-D577-4205-89C7-F2B7AB4C2FD1}"
EndProject
Project("{8BC9CEB8-8B4A-11D0-8D11-00A0C91BC942}") = "GxxGmSignalGateway", "GxxGmSignalGateway\GxxGmSignalGateway.vcproj", "{48B8615A-341D-4F3E-969D-6E4390C27E00}"
EndProject
Project("{8BC9CEB8-8B4A-11D0-8D11-00A0C91BC942}") = "GxxGmSignalGatewayUpSimulater", "GxxGmSignalGatewayUpSimulater\GxxGmSignalGatewayUpSimulater.vcproj", "{3062CE2F-C05A-43CE-915E-A2C64865721B}"
	ProjectSection(ProjectDependencies) = postProject
		{48B8615A-341D-4F3E-969D-6E4390C27E00} = {48B8615A-341D-4F3E-969D-6E4390C27E00}
	EndProjectSection
EndProject
Project("{8BC9CEB8-8B4A-11D0-8D11-00A0C91BC942}") = "TinyXML2Demo", "TinyXML2Demo\TinyXML2Demo.vcproj", "{D4C3F54A-2718-436B-B26F-523665E0A203}"
EndProject
Project("{8BC9CEB8-8B4A-11D0-8D11-00A0C91BC942}") = "PocoLogger", "PocoLogger\PocoLogger.vcproj", "{C9C7EEDA-2C42-4CE8-9772-B02306AFDE33}"
EndProject
Project("{2150E333-8FDC-42A3-9474-1A3956D46DE8}") = "14. 网络测试", "14. 网络测试", "{4BC8B072-B2B7-472E-AB6F-00D1754DF4A3}"
EndProject
Project("{8BC9CEB8-8B4A-11D0-8D11-00A0C91BC942}") = "GxxGmPing", "GxxGmPing\GxxGmPing.vcproj", "{160B8288-D7DD-41E8-A649-31120B7C1101}"
EndProject
Project("{2150E333-8FDC-42A3-9474-1A3956D46DE8}") = "97. UI", "97. UI", "{8196E7F7-C845-49A6-B1D9-4DE35423FF50}"
EndProject
Project("{8BC9CEB8-8B4A-11D0-8D11-00A0C91BC942}") = "mfcUILib", "mfcUILib\mfcUILib.vcproj", "{D09B1D94-0162-4229-9C37-0D43325677A2}"
EndProject
Project("{8BC9CEB8-8B4A-11D0-8D11-00A0C91BC942}") = "mfcUILoader", "mfcUILoader\mfcUILoader.vcproj", "{77516EF8-7731-4666-B9E1-67553C565325}"
EndProject
Project("{2150E333-8FDC-42A3-9474-1A3956D46DE8}") = "15. 网络隧道", "15. 网络隧道", "{4FC0FD56-FB7F-4A24-A39B-69E7B13E266A}"
EndProject
Project("{8BC9CEB8-8B4A-11D0-8D11-00A0C91BC942}") = "GxxGmNetTubeSrv", "GxxGmNetTubeSrv\GxxGmNetTubeSrv.vcproj", "{DBC1BEA9-ECC2-459D-8650-2EAAD9FCBF00}"
EndProject
Project("{2150E333-8FDC-42A3-9474-1A3956D46DE8}") = "16. 模拟网闸", "16. 模拟网闸", "{A83F4E24-6B90-4FB5-9ED5-8E6EE08A9E8A}"
EndProject
Project("{8BC9CEB8-8B4A-11D0-8D11-00A0C91BC942}") = "GxxGmGateKeeper", "GxxGmGateKeeper\GxxGmGateKeeper.vcproj", "{4F3F6F9C-3829-4D32-AD83-1F2B5A5839C5}"
EndProject
Project("{2150E333-8FDC-42A3-9474-1A3956D46DE8}") = "01. 音频解码为PCM", "01. 音频解码为PCM", "{D3B4E13E-79C0-40D0-8241-2F67930BF277}"
EndProject
Project("{8BC9CEB8-8B4A-11D0-8D11-00A0C91BC942}") = "GxxGmAudioToPCMConsole", "GxxGmAudioToPCMConsole\GxxGmAudioToPCMConsole.vcproj", "{036E2E33-ECFD-46CC-8A92-02F4156E715C}"
EndProject
Project("{8BC9CEB8-8B4A-11D0-8D11-00A0C91BC942}") = "GxxGmPCMToAudioConsole", "GxxGmPCMToAudioConsole\GxxGmPCMToAudioConsole.vcproj", "{4260B169-216C-47F4-92DB-5E942A420C49}"
EndProject
Project("{8BC9CEB8-8B4A-11D0-8D11-00A0C91BC942}") = "GxxGmGoVideoPlayer", "GxxGmGoVideoPlayer\GxxGmGoVideoPlayer.vcproj", "{BC20D0E1-D1F8-4DE7-B133-823E7F01B278}"
	ProjectSection(ProjectDependencies) = postProject
		{E2962D7F-E77F-463A-8D59-134AC15187A2} = {E2962D7F-E77F-463A-8D59-134AC15187A2}
	EndProjectSection
EndProject
Project("{8BC9CEB8-8B4A-11D0-8D11-00A0C91BC942}") = "GxxGmLocalService", "GxxGmLocalService\GxxGmLocalService.vcproj", "{584F6516-6994-4B9D-8F55-180FEB14D1AC}"
EndProject
Project("{2150E333-8FDC-42A3-9474-1A3956D46DE8}") = "17. 服务器", "17. 服务器", "{4D058DDD-A906-4F95-B901-F631711ED95C}"
EndProject
Project("{8BC9CEB8-8B4A-11D0-8D11-00A0C91BC942}") = "GxxGmWebServer", "GxxGmWebServer\GxxGmWebServer.vcproj", "{164C58A1-78D4-4A04-93CB-3547CA0174CA}"
EndProject
Project("{8BC9CEB8-8B4A-11D0-8D11-00A0C91BC942}") = "win32FindWindow", "win32FindWindow\win32FindWindow.vcproj", "{C7A0E771-4ACD-4335-993D-71254DADDA2E}"
EndProject
Global
	GlobalSection(SolutionConfigurationPlatforms) = preSolution
		Debug|Win32 = Debug|Win32
		Release|Win32 = Release|Win32
	EndGlobalSection
	GlobalSection(ProjectConfigurationPlatforms) = postSolution
		{167331A4-A36B-4529-974A-A25F9906F0A8}.Debug|Win32.ActiveCfg = Debug|Win32
		{167331A4-A36B-4529-974A-A25F9906F0A8}.Debug|Win32.Build.0 = Debug|Win32
		{167331A4-A36B-4529-974A-A25F9906F0A8}.Release|Win32.ActiveCfg = Release|Win32
		{167331A4-A36B-4529-974A-A25F9906F0A8}.Release|Win32.Build.0 = Release|Win32
		{E9B65B9B-73ED-4E02-98D2-20FB5C3F760B}.Debug|Win32.ActiveCfg = Debug|Win32
		{E9B65B9B-73ED-4E02-98D2-20FB5C3F760B}.Debug|Win32.Build.0 = Debug|Win32
		{E9B65B9B-73ED-4E02-98D2-20FB5C3F760B}.Release|Win32.ActiveCfg = Release|Win32
		{E9B65B9B-73ED-4E02-98D2-20FB5C3F760B}.Release|Win32.Build.0 = Release|Win32
		{FD66D502-29F6-4CFE-ABB3-D2FAFBA91DE8}.Debug|Win32.ActiveCfg = Debug|Win32
		{FD66D502-29F6-4CFE-ABB3-D2FAFBA91DE8}.Debug|Win32.Build.0 = Debug|Win32
		{FD66D502-29F6-4CFE-ABB3-D2FAFBA91DE8}.Release|Win32.ActiveCfg = Release|Win32
		{FD66D502-29F6-4CFE-ABB3-D2FAFBA91DE8}.Release|Win32.Build.0 = Release|Win32
		{325C5E1F-F4C2-454D-9CBE-1EA04573DB8E}.Debug|Win32.ActiveCfg = Debug|Win32
		{325C5E1F-F4C2-454D-9CBE-1EA04573DB8E}.Debug|Win32.Build.0 = Debug|Win32
		{325C5E1F-F4C2-454D-9CBE-1EA04573DB8E}.Release|Win32.ActiveCfg = Release|Win32
		{325C5E1F-F4C2-454D-9CBE-1EA04573DB8E}.Release|Win32.Build.0 = Release|Win32
		{7A0AC0B7-0C08-44F9-A955-2A1A2BD689BB}.Debug|Win32.ActiveCfg = Debug|Win32
		{7A0AC0B7-0C08-44F9-A955-2A1A2BD689BB}.Debug|Win32.Build.0 = Debug|Win32
		{7A0AC0B7-0C08-44F9-A955-2A1A2BD689BB}.Release|Win32.ActiveCfg = Release|Win32
		{7A0AC0B7-0C08-44F9-A955-2A1A2BD689BB}.Release|Win32.Build.0 = Release|Win32
		{88DB1DFD-E816-4EFE-8756-35E4BD2D9CE1}.Debug|Win32.ActiveCfg = Debug|Win32
		{88DB1DFD-E816-4EFE-8756-35E4BD2D9CE1}.Debug|Win32.Build.0 = Debug|Win32
		{88DB1DFD-E816-4EFE-8756-35E4BD2D9CE1}.Release|Win32.ActiveCfg = Release|Win32
		{88DB1DFD-E816-4EFE-8756-35E4BD2D9CE1}.Release|Win32.Build.0 = Release|Win32
		{2C27BE4C-3C1D-4491-9128-3D602DBAB2BD}.Debug|Win32.ActiveCfg = Debug|Win32
		{2C27BE4C-3C1D-4491-9128-3D602DBAB2BD}.Debug|Win32.Build.0 = Debug|Win32
		{2C27BE4C-3C1D-4491-9128-3D602DBAB2BD}.Release|Win32.ActiveCfg = Release|Win32
		{2C27BE4C-3C1D-4491-9128-3D602DBAB2BD}.Release|Win32.Build.0 = Release|Win32
		{B779172B-7536-41FE-8D6B-58D8EC6A4F4E}.Debug|Win32.ActiveCfg = Debug|Win32
		{B779172B-7536-41FE-8D6B-58D8EC6A4F4E}.Debug|Win32.Build.0 = Debug|Win32
		{B779172B-7536-41FE-8D6B-58D8EC6A4F4E}.Release|Win32.ActiveCfg = Release|Win32
		{B779172B-7536-41FE-8D6B-58D8EC6A4F4E}.Release|Win32.Build.0 = Release|Win32
		{DA503779-60E4-4066-8F4C-4D4C45A18DE8}.Debug|Win32.ActiveCfg = Debug|Win32
		{DA503779-60E4-4066-8F4C-4D4C45A18DE8}.Debug|Win32.Build.0 = Debug|Win32
		{DA503779-60E4-4066-8F4C-4D4C45A18DE8}.Release|Win32.ActiveCfg = Release|Win32
		{DA503779-60E4-4066-8F4C-4D4C45A18DE8}.Release|Win32.Build.0 = Release|Win32
		{FD81B803-1BEB-4E4C-837C-91B99A3B5913}.Debug|Win32.ActiveCfg = Debug|Win32
		{FD81B803-1BEB-4E4C-837C-91B99A3B5913}.Debug|Win32.Build.0 = Debug|Win32
		{FD81B803-1BEB-4E4C-837C-91B99A3B5913}.Release|Win32.ActiveCfg = Release|Win32
		{FD81B803-1BEB-4E4C-837C-91B99A3B5913}.Release|Win32.Build.0 = Release|Win32
		{9FBF6FB0-8A6D-4BF2-9C39-59AEDA4E7243}.Debug|Win32.ActiveCfg = Debug|Win32
		{9FBF6FB0-8A6D-4BF2-9C39-59AEDA4E7243}.Debug|Win32.Build.0 = Debug|Win32
		{9FBF6FB0-8A6D-4BF2-9C39-59AEDA4E7243}.Release|Win32.ActiveCfg = Release|Win32
		{9FBF6FB0-8A6D-4BF2-9C39-59AEDA4E7243}.Release|Win32.Build.0 = Release|Win32
		{5ED23B5E-FF78-4910-8CDC-EBFD4E89F100}.Debug|Win32.ActiveCfg = Debug|Win32
		{5ED23B5E-FF78-4910-8CDC-EBFD4E89F100}.Debug|Win32.Build.0 = Debug|Win32
		{5ED23B5E-FF78-4910-8CDC-EBFD4E89F100}.Release|Win32.ActiveCfg = Release|Win32
		{5ED23B5E-FF78-4910-8CDC-EBFD4E89F100}.Release|Win32.Build.0 = Release|Win32
		{94FFB2B2-7B71-4326-9167-CCA333128B1D}.Debug|Win32.ActiveCfg = Debug|Win32
		{94FFB2B2-7B71-4326-9167-CCA333128B1D}.Debug|Win32.Build.0 = Debug|Win32
		{94FFB2B2-7B71-4326-9167-CCA333128B1D}.Release|Win32.ActiveCfg = Release|Win32
		{94FFB2B2-7B71-4326-9167-CCA333128B1D}.Release|Win32.Build.0 = Release|Win32
		{FCE954BD-B822-4EDE-B152-11F2F8352E5D}.Debug|Win32.ActiveCfg = Debug|Win32
		{FCE954BD-B822-4EDE-B152-11F2F8352E5D}.Debug|Win32.Build.0 = Debug|Win32
		{FCE954BD-B822-4EDE-B152-11F2F8352E5D}.Release|Win32.ActiveCfg = Release|Win32
		{FCE954BD-B822-4EDE-B152-11F2F8352E5D}.Release|Win32.Build.0 = Release|Win32
		{DC360C94-343A-484F-ACBE-6253FDE7DE00}.Debug|Win32.ActiveCfg = Debug|Win32
		{DC360C94-343A-484F-ACBE-6253FDE7DE00}.Debug|Win32.Build.0 = Debug|Win32
		{DC360C94-343A-484F-ACBE-6253FDE7DE00}.Release|Win32.ActiveCfg = Release|Win32
		{DC360C94-343A-484F-ACBE-6253FDE7DE00}.Release|Win32.Build.0 = Release|Win32
		{645077A3-4887-4A4F-A313-E3D2543CC307}.Debug|Win32.ActiveCfg = Debug|Win32
		{645077A3-4887-4A4F-A313-E3D2543CC307}.Debug|Win32.Build.0 = Debug|Win32
		{645077A3-4887-4A4F-A313-E3D2543CC307}.Release|Win32.ActiveCfg = Release|Win32
		{645077A3-4887-4A4F-A313-E3D2543CC307}.Release|Win32.Build.0 = Release|Win32
		{0C02C6BD-5993-46B2-BE24-C969D47C88C9}.Debug|Win32.ActiveCfg = Debug|Win32
		{0C02C6BD-5993-46B2-BE24-C969D47C88C9}.Debug|Win32.Build.0 = Debug|Win32
		{0C02C6BD-5993-46B2-BE24-C969D47C88C9}.Release|Win32.ActiveCfg = Release|Win32
		{0C02C6BD-5993-46B2-BE24-C969D47C88C9}.Release|Win32.Build.0 = Release|Win32
		{2BFC8AA6-94C7-4E9F-B10F-7B7A527D490A}.Debug|Win32.ActiveCfg = Debug|Win32
		{2BFC8AA6-94C7-4E9F-B10F-7B7A527D490A}.Debug|Win32.Build.0 = Debug|Win32
		{2BFC8AA6-94C7-4E9F-B10F-7B7A527D490A}.Release|Win32.ActiveCfg = Release|Win32
		{2BFC8AA6-94C7-4E9F-B10F-7B7A527D490A}.Release|Win32.Build.0 = Release|Win32
		{9EFD26C9-F440-45A6-B56E-0EAB70334E7D}.Debug|Win32.ActiveCfg = Debug|Win32
		{9EFD26C9-F440-45A6-B56E-0EAB70334E7D}.Debug|Win32.Build.0 = Debug|Win32
		{9EFD26C9-F440-45A6-B56E-0EAB70334E7D}.Release|Win32.ActiveCfg = Release|Win32
		{9EFD26C9-F440-45A6-B56E-0EAB70334E7D}.Release|Win32.Build.0 = Release|Win32
		{ABAB556E-E894-4B3C-828F-86FAA01E8755}.Debug|Win32.ActiveCfg = Debug|Win32
		{ABAB556E-E894-4B3C-828F-86FAA01E8755}.Debug|Win32.Build.0 = Debug|Win32
		{ABAB556E-E894-4B3C-828F-86FAA01E8755}.Release|Win32.ActiveCfg = Release|Win32
		{ABAB556E-E894-4B3C-828F-86FAA01E8755}.Release|Win32.Build.0 = Release|Win32
		{E45B6942-E403-4BC1-9F50-B50E2819FA03}.Debug|Win32.ActiveCfg = Debug|Win32
		{E45B6942-E403-4BC1-9F50-B50E2819FA03}.Debug|Win32.Build.0 = Debug|Win32
		{E45B6942-E403-4BC1-9F50-B50E2819FA03}.Release|Win32.ActiveCfg = Release|Win32
		{E45B6942-E403-4BC1-9F50-B50E2819FA03}.Release|Win32.Build.0 = Release|Win32
		{D70B8082-885A-4796-AC4B-FD3BA60A227D}.Debug|Win32.ActiveCfg = Debug|Win32
		{D70B8082-885A-4796-AC4B-FD3BA60A227D}.Debug|Win32.Build.0 = Debug|Win32
		{D70B8082-885A-4796-AC4B-FD3BA60A227D}.Release|Win32.ActiveCfg = Release|Win32
		{D70B8082-885A-4796-AC4B-FD3BA60A227D}.Release|Win32.Build.0 = Release|Win32
		{B2A4FDC6-7DA9-4734-AB94-6E9E6D19A719}.Debug|Win32.ActiveCfg = Debug|Win32
		{B2A4FDC6-7DA9-4734-AB94-6E9E6D19A719}.Debug|Win32.Build.0 = Debug|Win32
		{B2A4FDC6-7DA9-4734-AB94-6E9E6D19A719}.Release|Win32.ActiveCfg = Release|Win32
		{B2A4FDC6-7DA9-4734-AB94-6E9E6D19A719}.Release|Win32.Build.0 = Release|Win32
		{16A2C3A1-3672-4FB3-B718-1A593D7DDD4B}.Debug|Win32.ActiveCfg = Debug|Win32
		{16A2C3A1-3672-4FB3-B718-1A593D7DDD4B}.Debug|Win32.Build.0 = Debug|Win32
		{16A2C3A1-3672-4FB3-B718-1A593D7DDD4B}.Release|Win32.ActiveCfg = Release|Win32
		{16A2C3A1-3672-4FB3-B718-1A593D7DDD4B}.Release|Win32.Build.0 = Release|Win32
		{E2962D7F-E77F-463A-8D59-134AC15187A2}.Debug|Win32.ActiveCfg = Debug|Win32
		{E2962D7F-E77F-463A-8D59-134AC15187A2}.Debug|Win32.Build.0 = Debug|Win32
		{E2962D7F-E77F-463A-8D59-134AC15187A2}.Release|Win32.ActiveCfg = Release|Win32
		{E2962D7F-E77F-463A-8D59-134AC15187A2}.Release|Win32.Build.0 = Release|Win32
		{B181219F-9C93-46EA-BB02-8E36E8625DC6}.Debug|Win32.ActiveCfg = Debug|Win32
		{B181219F-9C93-46EA-BB02-8E36E8625DC6}.Debug|Win32.Build.0 = Debug|Win32
		{B181219F-9C93-46EA-BB02-8E36E8625DC6}.Release|Win32.ActiveCfg = Release|Win32
		{B181219F-9C93-46EA-BB02-8E36E8625DC6}.Release|Win32.Build.0 = Release|Win32
		{96E274D7-A44C-4AAA-A6A9-531036C75740}.Debug|Win32.ActiveCfg = Debug|Win32
		{96E274D7-A44C-4AAA-A6A9-531036C75740}.Debug|Win32.Build.0 = Debug|Win32
		{96E274D7-A44C-4AAA-A6A9-531036C75740}.Release|Win32.ActiveCfg = Release|Win32
		{96E274D7-A44C-4AAA-A6A9-531036C75740}.Release|Win32.Build.0 = Release|Win32
		{50297366-62E7-4EE1-A31F-684D54D796D4}.Debug|Win32.ActiveCfg = Debug|Win32
		{50297366-62E7-4EE1-A31F-684D54D796D4}.Debug|Win32.Build.0 = Debug|Win32
		{50297366-62E7-4EE1-A31F-684D54D796D4}.Release|Win32.ActiveCfg = Release|Win32
		{50297366-62E7-4EE1-A31F-684D54D796D4}.Release|Win32.Build.0 = Release|Win32
		{3590ABAF-2983-42D5-8D29-BE3943A1ABBB}.Debug|Win32.ActiveCfg = Debug|Win32
		{3590ABAF-2983-42D5-8D29-BE3943A1ABBB}.Debug|Win32.Build.0 = Debug|Win32
		{3590ABAF-2983-42D5-8D29-BE3943A1ABBB}.Release|Win32.ActiveCfg = Release|Win32
		{3590ABAF-2983-42D5-8D29-BE3943A1ABBB}.Release|Win32.Build.0 = Release|Win32
		{6B767E5F-61CD-460A-9640-BA7C95D3B18A}.Debug|Win32.ActiveCfg = Debug|Win32
		{6B767E5F-61CD-460A-9640-BA7C95D3B18A}.Debug|Win32.Build.0 = Debug|Win32
		{6B767E5F-61CD-460A-9640-BA7C95D3B18A}.Release|Win32.ActiveCfg = Release|Win32
		{6B767E5F-61CD-460A-9640-BA7C95D3B18A}.Release|Win32.Build.0 = Release|Win32
		{C7C54F22-16C7-4FAE-A01C-CA50DF9863F0}.Debug|Win32.ActiveCfg = Debug|Win32
		{C7C54F22-16C7-4FAE-A01C-CA50DF9863F0}.Debug|Win32.Build.0 = Debug|Win32
		{C7C54F22-16C7-4FAE-A01C-CA50DF9863F0}.Release|Win32.ActiveCfg = Release|Win32
		{C7C54F22-16C7-4FAE-A01C-CA50DF9863F0}.Release|Win32.Build.0 = Release|Win32
		{0ABCDA36-939D-44D1-9208-A6B20F581043}.Debug|Win32.ActiveCfg = Debug|Win32
		{0ABCDA36-939D-44D1-9208-A6B20F581043}.Debug|Win32.Build.0 = Debug|Win32
		{0ABCDA36-939D-44D1-9208-A6B20F581043}.Release|Win32.ActiveCfg = Release|Win32
		{0ABCDA36-939D-44D1-9208-A6B20F581043}.Release|Win32.Build.0 = Release|Win32
		{8039FE35-065F-4ACA-83DA-BA086E6E5A9B}.Debug|Win32.ActiveCfg = Debug|Win32
		{8039FE35-065F-4ACA-83DA-BA086E6E5A9B}.Debug|Win32.Build.0 = Debug|Win32
		{8039FE35-065F-4ACA-83DA-BA086E6E5A9B}.Release|Win32.ActiveCfg = Release|Win32
		{8039FE35-065F-4ACA-83DA-BA086E6E5A9B}.Release|Win32.Build.0 = Release|Win32
		{7D69597F-0171-411D-894D-690D4D87C7D9}.Debug|Win32.ActiveCfg = Debug|Win32
		{7D69597F-0171-411D-894D-690D4D87C7D9}.Debug|Win32.Build.0 = Debug|Win32
		{7D69597F-0171-411D-894D-690D4D87C7D9}.Release|Win32.ActiveCfg = Release|Win32
		{7D69597F-0171-411D-894D-690D4D87C7D9}.Release|Win32.Build.0 = Release|Win32
		{8F375B54-8275-4A3C-84D2-BDF9E40397A9}.Debug|Win32.ActiveCfg = Debug|Win32
		{8F375B54-8275-4A3C-84D2-BDF9E40397A9}.Debug|Win32.Build.0 = Debug|Win32
		{8F375B54-8275-4A3C-84D2-BDF9E40397A9}.Release|Win32.ActiveCfg = Release|Win32
		{8F375B54-8275-4A3C-84D2-BDF9E40397A9}.Release|Win32.Build.0 = Release|Win32
		{52473125-45F6-41F8-A1FD-34E829143637}.Debug|Win32.ActiveCfg = Debug|Win32
		{52473125-45F6-41F8-A1FD-34E829143637}.Debug|Win32.Build.0 = Debug|Win32
		{52473125-45F6-41F8-A1FD-34E829143637}.Release|Win32.ActiveCfg = Release|Win32
		{52473125-45F6-41F8-A1FD-34E829143637}.Release|Win32.Build.0 = Release|Win32
		{B8B9F791-B8D0-4FE8-A7EE-87646DB4995F}.Debug|Win32.ActiveCfg = Debug|Win32
		{B8B9F791-B8D0-4FE8-A7EE-87646DB4995F}.Debug|Win32.Build.0 = Debug|Win32
		{B8B9F791-B8D0-4FE8-A7EE-87646DB4995F}.Release|Win32.ActiveCfg = Release|Win32
		{B8B9F791-B8D0-4FE8-A7EE-87646DB4995F}.Release|Win32.Build.0 = Release|Win32
		{48B8615A-341D-4F3E-969D-6E4390C27E00}.Debug|Win32.ActiveCfg = Debug|Win32
		{48B8615A-341D-4F3E-969D-6E4390C27E00}.Debug|Win32.Build.0 = Debug|Win32
		{48B8615A-341D-4F3E-969D-6E4390C27E00}.Release|Win32.ActiveCfg = Release|Win32
		{48B8615A-341D-4F3E-969D-6E4390C27E00}.Release|Win32.Build.0 = Release|Win32
		{3062CE2F-C05A-43CE-915E-A2C64865721B}.Debug|Win32.ActiveCfg = Debug|Win32
		{3062CE2F-C05A-43CE-915E-A2C64865721B}.Debug|Win32.Build.0 = Debug|Win32
		{3062CE2F-C05A-43CE-915E-A2C64865721B}.Release|Win32.ActiveCfg = Release|Win32
		{3062CE2F-C05A-43CE-915E-A2C64865721B}.Release|Win32.Build.0 = Release|Win32
		{D4C3F54A-2718-436B-B26F-523665E0A203}.Debug|Win32.ActiveCfg = Debug|Win32
		{D4C3F54A-2718-436B-B26F-523665E0A203}.Debug|Win32.Build.0 = Debug|Win32
		{D4C3F54A-2718-436B-B26F-523665E0A203}.Release|Win32.ActiveCfg = Release|Win32
		{D4C3F54A-2718-436B-B26F-523665E0A203}.Release|Win32.Build.0 = Release|Win32
		{C9C7EEDA-2C42-4CE8-9772-B02306AFDE33}.Debug|Win32.ActiveCfg = Debug|Win32
		{C9C7EEDA-2C42-4CE8-9772-B02306AFDE33}.Debug|Win32.Build.0 = Debug|Win32
		{C9C7EEDA-2C42-4CE8-9772-B02306AFDE33}.Release|Win32.ActiveCfg = Release|Win32
		{C9C7EEDA-2C42-4CE8-9772-B02306AFDE33}.Release|Win32.Build.0 = Release|Win32
		{160B8288-D7DD-41E8-A649-31120B7C1101}.Debug|Win32.ActiveCfg = Debug|Win32
		{160B8288-D7DD-41E8-A649-31120B7C1101}.Debug|Win32.Build.0 = Debug|Win32
		{160B8288-D7DD-41E8-A649-31120B7C1101}.Release|Win32.ActiveCfg = Release|Win32
		{160B8288-D7DD-41E8-A649-31120B7C1101}.Release|Win32.Build.0 = Release|Win32
		{D09B1D94-0162-4229-9C37-0D43325677A2}.Debug|Win32.ActiveCfg = Debug|Win32
		{D09B1D94-0162-4229-9C37-0D43325677A2}.Debug|Win32.Build.0 = Debug|Win32
		{D09B1D94-0162-4229-9C37-0D43325677A2}.Release|Win32.ActiveCfg = Release|Win32
		{D09B1D94-0162-4229-9C37-0D43325677A2}.Release|Win32.Build.0 = Release|Win32
		{77516EF8-7731-4666-B9E1-67553C565325}.Debug|Win32.ActiveCfg = Debug|Win32
		{77516EF8-7731-4666-B9E1-67553C565325}.Debug|Win32.Build.0 = Debug|Win32
		{77516EF8-7731-4666-B9E1-67553C565325}.Release|Win32.ActiveCfg = Release|Win32
		{77516EF8-7731-4666-B9E1-67553C565325}.Release|Win32.Build.0 = Release|Win32
		{DBC1BEA9-ECC2-459D-8650-2EAAD9FCBF00}.Debug|Win32.ActiveCfg = Debug|Win32
		{DBC1BEA9-ECC2-459D-8650-2EAAD9FCBF00}.Debug|Win32.Build.0 = Debug|Win32
		{DBC1BEA9-ECC2-459D-8650-2EAAD9FCBF00}.Release|Win32.ActiveCfg = Release|Win32
		{DBC1BEA9-ECC2-459D-8650-2EAAD9FCBF00}.Release|Win32.Build.0 = Release|Win32
		{4F3F6F9C-3829-4D32-AD83-1F2B5A5839C5}.Debug|Win32.ActiveCfg = Debug|Win32
		{4F3F6F9C-3829-4D32-AD83-1F2B5A5839C5}.Debug|Win32.Build.0 = Debug|Win32
		{4F3F6F9C-3829-4D32-AD83-1F2B5A5839C5}.Release|Win32.ActiveCfg = Release|Win32
		{4F3F6F9C-3829-4D32-AD83-1F2B5A5839C5}.Release|Win32.Build.0 = Release|Win32
		{036E2E33-ECFD-46CC-8A92-02F4156E715C}.Debug|Win32.ActiveCfg = Debug|Win32
		{036E2E33-ECFD-46CC-8A92-02F4156E715C}.Debug|Win32.Build.0 = Debug|Win32
		{036E2E33-ECFD-46CC-8A92-02F4156E715C}.Release|Win32.ActiveCfg = Release|Win32
		{036E2E33-ECFD-46CC-8A92-02F4156E715C}.Release|Win32.Build.0 = Release|Win32
		{4260B169-216C-47F4-92DB-5E942A420C49}.Debug|Win32.ActiveCfg = Debug|Win32
		{4260B169-216C-47F4-92DB-5E942A420C49}.Debug|Win32.Build.0 = Debug|Win32
		{4260B169-216C-47F4-92DB-5E942A420C49}.Release|Win32.ActiveCfg = Release|Win32
		{4260B169-216C-47F4-92DB-5E942A420C49}.Release|Win32.Build.0 = Release|Win32
		{BC20D0E1-D1F8-4DE7-B133-823E7F01B278}.Debug|Win32.ActiveCfg = Debug|Win32
		{BC20D0E1-D1F8-4DE7-B133-823E7F01B278}.Debug|Win32.Build.0 = Debug|Win32
		{BC20D0E1-D1F8-4DE7-B133-823E7F01B278}.Release|Win32.ActiveCfg = Release|Win32
		{BC20D0E1-D1F8-4DE7-B133-823E7F01B278}.Release|Win32.Build.0 = Release|Win32
		{584F6516-6994-4B9D-8F55-180FEB14D1AC}.Debug|Win32.ActiveCfg = Debug|Win32
		{584F6516-6994-4B9D-8F55-180FEB14D1AC}.Debug|Win32.Build.0 = Debug|Win32
		{584F6516-6994-4B9D-8F55-180FEB14D1AC}.Release|Win32.ActiveCfg = Release|Win32
		{584F6516-6994-4B9D-8F55-180FEB14D1AC}.Release|Win32.Build.0 = Release|Win32
		{164C58A1-78D4-4A04-93CB-3547CA0174CA}.Debug|Win32.ActiveCfg = Debug|Win32
		{164C58A1-78D4-4A04-93CB-3547CA0174CA}.Debug|Win32.Build.0 = Debug|Win32
		{164C58A1-78D4-4A04-93CB-3547CA0174CA}.Release|Win32.ActiveCfg = Release|Win32
		{164C58A1-78D4-4A04-93CB-3547CA0174CA}.Release|Win32.Build.0 = Release|Win32
		{C7A0E771-4ACD-4335-993D-71254DADDA2E}.Debug|Win32.ActiveCfg = Debug|Win32
		{C7A0E771-4ACD-4335-993D-71254DADDA2E}.Debug|Win32.Build.0 = Debug|Win32
		{C7A0E771-4ACD-4335-993D-71254DADDA2E}.Release|Win32.ActiveCfg = Release|Win32
		{C7A0E771-4ACD-4335-993D-71254DADDA2E}.Release|Win32.Build.0 = Release|Win32
	EndGlobalSection
	GlobalSection(SolutionProperties) = preSolution
		HideSolutionNode = FALSE
	EndGlobalSection
	GlobalSection(NestedProjects) = preSolution
		{167331A4-A36B-4529-974A-A25F9906F0A8} = {3DD410BC-A9C9-4652-B11D-285A57936B76}
		{E9B65B9B-73ED-4E02-98D2-20FB5C3F760B} = {3DD410BC-A9C9-4652-B11D-285A57936B76}
		{FD81B803-1BEB-4E4C-837C-91B99A3B5913} = {3DD410BC-A9C9-4652-B11D-285A57936B76}
		{095EB414-47BD-4780-B588-7A5C3A884CF7} = {F71FB5C0-BF1B-48B7-A629-FD2CE1723471}
		{808FDA11-9431-43D7-9619-3AB9F5701E42} = {F71FB5C0-BF1B-48B7-A629-FD2CE1723471}
		{325C5E1F-F4C2-454D-9CBE-1EA04573DB8E} = {095EB414-47BD-4780-B588-7A5C3A884CF7}
		{7A0AC0B7-0C08-44F9-A955-2A1A2BD689BB} = {095EB414-47BD-4780-B588-7A5C3A884CF7}
		{FD66D502-29F6-4CFE-ABB3-D2FAFBA91DE8} = {095EB414-47BD-4780-B588-7A5C3A884CF7}
		{88DB1DFD-E816-4EFE-8756-35E4BD2D9CE1} = {B2244F5D-7C9A-4BA7-9AC6-BD02A94C74B4}
		{2C27BE4C-3C1D-4491-9128-3D602DBAB2BD} = {0133A647-FD2D-41B2-A0A6-AD03D5487754}
		{50297366-62E7-4EE1-A31F-684D54D796D4} = {0133A647-FD2D-41B2-A0A6-AD03D5487754}
		{D4C3F54A-2718-436B-B26F-523665E0A203} = {0133A647-FD2D-41B2-A0A6-AD03D5487754}
		{B779172B-7536-41FE-8D6B-58D8EC6A4F4E} = {808FDA11-9431-43D7-9619-3AB9F5701E42}
		{DA503779-60E4-4066-8F4C-4D4C45A18DE8} = {808FDA11-9431-43D7-9619-3AB9F5701E42}
		{9FBF6FB0-8A6D-4BF2-9C39-59AEDA4E7243} = {74B2A079-5439-4E9D-9013-693F0B8391B0}
		{9E9CB137-C223-4E29-B0F7-389AA3DACC2A} = {883B926A-DF7D-493B-A625-A5911ADAF268}
		{F7376207-F771-4564-B80E-77190E1E5CA5} = {883B926A-DF7D-493B-A625-A5911ADAF268}
		{7EB43E23-C3B9-4C3A-B30B-D1E2D8128E6F} = {883B926A-DF7D-493B-A625-A5911ADAF268}
		{789C2E9E-D577-4205-89C7-F2B7AB4C2FD1} = {883B926A-DF7D-493B-A625-A5911ADAF268}
		{5ED23B5E-FF78-4910-8CDC-EBFD4E89F100} = {9E9CB137-C223-4E29-B0F7-389AA3DACC2A}
		{94FFB2B2-7B71-4326-9167-CCA333128B1D} = {9E9CB137-C223-4E29-B0F7-389AA3DACC2A}
		{FCE954BD-B822-4EDE-B152-11F2F8352E5D} = {79F8E5DB-7612-42CF-9450-754F667555AD}
		{D3B4E13E-79C0-40D0-8241-2F67930BF277} = {79F8E5DB-7612-42CF-9450-754F667555AD}
		{DC360C94-343A-484F-ACBE-6253FDE7DE00} = {F7376207-F771-4564-B80E-77190E1E5CA5}
		{D70B8082-885A-4796-AC4B-FD3BA60A227D} = {F7376207-F771-4564-B80E-77190E1E5CA5}
		{B2A4FDC6-7DA9-4734-AB94-6E9E6D19A719} = {F7376207-F771-4564-B80E-77190E1E5CA5}
		{B8B9F791-B8D0-4FE8-A7EE-87646DB4995F} = {F7376207-F771-4564-B80E-77190E1E5CA5}
		{645077A3-4887-4A4F-A313-E3D2543CC307} = {7EB43E23-C3B9-4C3A-B30B-D1E2D8128E6F}
		{0C02C6BD-5993-46B2-BE24-C969D47C88C9} = {5BB2C71F-920D-4AD2-8741-012EEC9FF923}
		{2BFC8AA6-94C7-4E9F-B10F-7B7A527D490A} = {4BF06DFD-DA26-4784-ABBD-F50F40CAAADC}
		{9EFD26C9-F440-45A6-B56E-0EAB70334E7D} = {4BF06DFD-DA26-4784-ABBD-F50F40CAAADC}
		{ABAB556E-E894-4B3C-828F-86FAA01E8755} = {6DB5DA0C-93BC-4D74-AD69-977B3013412B}
		{E45B6942-E403-4BC1-9F50-B50E2819FA03} = {6DB5DA0C-93BC-4D74-AD69-977B3013412B}
		{16A2C3A1-3672-4FB3-B718-1A593D7DDD4B} = {88643698-EC75-4758-A496-490C28BB65C7}
		{E2962D7F-E77F-463A-8D59-134AC15187A2} = {88643698-EC75-4758-A496-490C28BB65C7}
		{BC20D0E1-D1F8-4DE7-B133-823E7F01B278} = {88643698-EC75-4758-A496-490C28BB65C7}
		{584F6516-6994-4B9D-8F55-180FEB14D1AC} = {88643698-EC75-4758-A496-490C28BB65C7}
		{B181219F-9C93-46EA-BB02-8E36E8625DC6} = {F5ED3139-3E61-4115-A357-E87B513587C5}
		{6B767E5F-61CD-460A-9640-BA7C95D3B18A} = {F5ED3139-3E61-4115-A357-E87B513587C5}
		{C9C7EEDA-2C42-4CE8-9772-B02306AFDE33} = {F5ED3139-3E61-4115-A357-E87B513587C5}
		{96E274D7-A44C-4AAA-A6A9-531036C75740} = {46D0F9B8-2DEA-471F-BDC4-DCB05F5876ED}
		{8F375B54-8275-4A3C-84D2-BDF9E40397A9} = {46D0F9B8-2DEA-471F-BDC4-DCB05F5876ED}
		{52473125-45F6-41F8-A1FD-34E829143637} = {46D0F9B8-2DEA-471F-BDC4-DCB05F5876ED}
		{3590ABAF-2983-42D5-8D29-BE3943A1ABBB} = {17A95C39-5B25-4916-A515-2B10E5388FA8}
		{C7C54F22-16C7-4FAE-A01C-CA50DF9863F0} = {C63A5206-FD54-400D-8E84-C802D9A3B821}
		{0ABCDA36-939D-44D1-9208-A6B20F581043} = {C63A5206-FD54-400D-8E84-C802D9A3B821}
		{8039FE35-065F-4ACA-83DA-BA086E6E5A9B} = {C63A5206-FD54-400D-8E84-C802D9A3B821}
		{7D69597F-0171-411D-894D-690D4D87C7D9} = {4D1C02DE-6897-4BB4-8CDA-AF87E8A08F8E}
		{48B8615A-341D-4F3E-969D-6E4390C27E00} = {789C2E9E-D577-4205-89C7-F2B7AB4C2FD1}
		{3062CE2F-C05A-43CE-915E-A2C64865721B} = {789C2E9E-D577-4205-89C7-F2B7AB4C2FD1}
		{160B8288-D7DD-41E8-A649-31120B7C1101} = {4BC8B072-B2B7-472E-AB6F-00D1754DF4A3}
		{D09B1D94-0162-4229-9C37-0D43325677A2} = {8196E7F7-C845-49A6-B1D9-4DE35423FF50}
		{77516EF8-7731-4666-B9E1-67553C565325} = {8196E7F7-C845-49A6-B1D9-4DE35423FF50}
		{C7A0E771-4ACD-4335-993D-71254DADDA2E} = {8196E7F7-C845-49A6-B1D9-4DE35423FF50}
		{DBC1BEA9-ECC2-459D-8650-2EAAD9FCBF00} = {4FC0FD56-FB7F-4A24-A39B-69E7B13E266A}
		{4F3F6F9C-3829-4D32-AD83-1F2B5A5839C5} = {A83F4E24-6B90-4FB5-9ED5-8E6EE08A9E8A}
		{036E2E33-ECFD-46CC-8A92-02F4156E715C} = {D3B4E13E-79C0-40D0-8241-2F67930BF277}
		{4260B169-216C-47F4-92DB-5E942A420C49} = {D3B4E13E-79C0-40D0-8241-2F67930BF277}
		{164C58A1-78D4-4A04-93CB-3547CA0174CA} = {4D058DDD-A906-4F95-B901-F631711ED95C}
	EndGlobalSection
EndGlobal
