
Microsoft Visual Studio Solution File, Format Version 10.00
# Visual Studio 2008
Project("{2150E333-8FDC-42A3-9474-1A3956D46DE8}") = "99. GXX库测试", "99. GXX库测试", "{0133A647-FD2D-41B2-A0A6-AD03D5487754}"
EndProject
Project("{8BC9CEB8-8B4A-11D0-8D11-00A0C91BC942}") = "GxxGmQpidClient", "GxxGmQpidClient\GxxGmQpidClient.vcproj", "{2C27BE4C-3C1D-4491-9128-3D602DBAB2BD}"
EndProject
Project("{2150E333-8FDC-42A3-9474-1A3956D46DE8}") = "98. Poco", "98. Poco", "{F5ED3139-3E61-4115-A357-E87B513587C5}"
EndProject
Project("{8BC9CEB8-8B4A-11D0-8D11-00A0C91BC942}") = "PocoHttpServer", "PocoHttpServer\PocoHttpServer.vcproj", "{B181219F-9C93-46EA-BB02-8E36E8625DC6}"
EndProject
Project("{8BC9CEB8-8B4A-11D0-8D11-00A0C91BC942}") = "GxxGmStreamEncoder", "GxxGmStreamEncoder\GxxGmStreamEncoder.vcproj", "{50297366-62E7-4EE1-A31F-684D54D796D4}"
EndProject
Project("{2150E333-8FDC-42A3-9474-1A3956D46DE8}") = "89. FFmpeg桩", "89. FFmpeg桩", "{17A95C39-5B25-4916-A515-2B10E5388FA8}"
EndProject
Project("{8BC9CEB8-8B4A-11D0-8D11-00A0C91BC942}") = "GxxGmFFmpegStub", "GxxGmFFmpegStub\GxxGmFFmpegStub.vcproj", "{3590ABAF-2983-42D5-8D29-BE3943A1ABBB}"
EndProject
Project("{8BC9CEB8-8B4A-11D0-8D11-00A0C91BC942}") = "PocoTextConverse", "PocoTextConverse\PocoTextConverse.vcproj", "{6B767E5F-61CD-460A-9640-BA7C95D3B18A}"
EndProject
Project("{8BC9CEB8-8B4A-11D0-8D11-00A0C91BC942}") = "TinyXML2Demo", "TinyXML2Demo\TinyXML2Demo.vcproj", "{D4C3F54A-2718-436B-B26F-523665E0A203}"
EndProject
Project("{8BC9CEB8-8B4A-11D0-8D11-00A0C91BC942}") = "PocoLogger", "PocoLogger\PocoLogger.vcproj", "{C9C7EEDA-2C42-4CE8-9772-B02306AFDE33}"
EndProject
Project("{2150E333-8FDC-42A3-9474-1A3956D46DE8}") = "97. UI", "97. UI", "{8196E7F7-C845-49A6-B1D9-4DE35423FF50}"
EndProject
Project("{8BC9CEB8-8B4A-11D0-8D11-00A0C91BC942}") = "mfcUILib", "mfcUILib\mfcUILib.vcproj", "{D09B1D94-0162-4229-9C37-0D43325677A2}"
EndProject
Project("{8BC9CEB8-8B4A-11D0-8D11-00A0C91BC942}") = "mfcUILoader", "mfcUILoader\mfcUILoader.vcproj", "{77516EF8-7731-4666-B9E1-67553C565325}"
EndProject
Project("{2150E333-8FDC-42A3-9474-1A3956D46DE8}") = "17. 服务器", "17. 服务器", "{4D058DDD-A906-4F95-B901-F631711ED95C}"
EndProject
Project("{8BC9CEB8-8B4A-11D0-8D11-00A0C91BC942}") = "GxxGmWebServer", "GxxGmWebServer\GxxGmWebServer.vcproj", "{164C58A1-78D4-4A04-93CB-3547CA0174CA}"
EndProject
Project("{8BC9CEB8-8B4A-11D0-8D11-00A0C91BC942}") = "win32FindWindow", "win32FindWindow\win32FindWindow.vcproj", "{C7A0E771-4ACD-4335-993D-71254DADDA2E}"
EndProject
Project("{8BC9CEB8-8B4A-11D0-8D11-00A0C91BC942}") = "GxxGmEnumProcess", "GxxGmEnumProcess\GxxGmEnumProcess.vcproj", "{A8A4EC80-33B8-41B7-8677-9E45284B0781}"
EndProject
Project("{2150E333-8FDC-42A3-9474-1A3956D46DE8}") = "18. 工作站模拟器", "18. 工作站模拟器", "{9714875C-24D8-499D-A6FD-B7F58916FBC3}"
EndProject
Project("{8BC9CEB8-8B4A-11D0-8D11-00A0C91BC942}") = "GxxGmWSSimulator", "GxxGmWSSimulator\GxxGmWSSimulator.vcproj", "{4E23D67D-8DEA-4731-AF9A-0A731357803A}"
EndProject
Project("{2150E333-8FDC-42A3-9474-1A3956D46DE8}") = "71. 数据处理", "71. 数据处理", "{F7BF8EC1-22B8-4F2E-8522-24CC5453521D}"
EndProject
Project("{2150E333-8FDC-42A3-9474-1A3956D46DE8}") = "88. GxxGm服务框架", "88. GxxGm服务框架", "{FDF461D0-2298-42BC-89BE-DA3449678D0C}"
EndProject
Project("{8BC9CEB8-8B4A-11D0-8D11-00A0C91BC942}") = "GxxGmRestfulServer", "GxxGmRestfulServer\GxxGmRestfulServer.vcproj", "{B8D8ADBC-9721-4B79-8C4A-4278136019FA}"
EndProject
Project("{8BC9CEB8-8B4A-11D0-8D11-00A0C91BC942}") = "GxxGmRestfulPluginDemo", "GxxGmRestfulPluginDemo\GxxGmRestfulPluginDemo.vcproj", "{42738EB4-164E-4197-B76C-492F3EB45C5A}"
EndProject
Project("{8BC9CEB8-8B4A-11D0-8D11-00A0C91BC942}") = "GxxGmWSSimulatorContainer", "GxxGmWSSimulatorContainer\GxxGmWSSimulatorContainer.vcproj", "{76F87F53-EAA4-4598-8612-C6B1B44E6F42}"
	ProjectSection(ProjectDependencies) = postProject
		{4E23D67D-8DEA-4731-AF9A-0A731357803A} = {4E23D67D-8DEA-4731-AF9A-0A731357803A}
	EndProjectSection
EndProject
Project("{8BC9CEB8-8B4A-11D0-8D11-00A0C91BC942}") = "GxxGmPluginLuncher", "GxxGmPluginLuncher\GxxGmPluginLuncher.vcproj", "{31E72242-C694-4E3F-9588-6C9C33FC2281}"
EndProject
Project("{2150E333-8FDC-42A3-9474-1A3956D46DE8}") = "96. 崩溃报告", "96. 崩溃报告", "{6A0BD99C-07FE-4204-8E04-714C4468A598}"
EndProject
Project("{8BC9CEB8-8B4A-11D0-8D11-00A0C91BC942}") = "GxxGmCrashRtpDemo", "GxxGmCrashRtpDemo\GxxGmCrashRtpDemo.vcproj", "{6805533D-5F96-49F5-94A4-FEC0F2D1FDF5}"
EndProject
Project("{2150E333-8FDC-42A3-9474-1A3956D46DE8}") = "00. bgFramework", "00. bgFramework", "{5CE32939-C2B5-4794-B6A9-0F45E19A6757}"
EndProject
Project("{8BC9CEB8-8B4A-11D0-8D11-00A0C91BC942}") = "bgBase", "bgBase\bgBase.vcproj", "{E00A3784-4AAD-4E8D-8296-51CF07555D84}"
EndProject
Project("{2150E333-8FDC-42A3-9474-1A3956D46DE8}") = "61. SSH", "61. SSH", "{E17FA41D-A76D-40A2-9872-54B451FED233}"
EndProject
Project("{8BC9CEB8-8B4A-11D0-8D11-00A0C91BC942}") = "GxxGmSSH", "GxxGmSSH\GxxGmSSH.vcproj", "{77B47DCA-9491-49EC-9C97-9799910E7E60}"
EndProject
Project("{8BC9CEB8-8B4A-11D0-8D11-00A0C91BC942}") = "GxxGmSSHDemo", "GxxGmSSHDemo\GxxGmSSHDemo.vcproj", "{E9666E9C-28EE-4C00-9816-EA719514FE89}"
	ProjectSection(ProjectDependencies) = postProject
		{77B47DCA-9491-49EC-9C97-9799910E7E60} = {77B47DCA-9491-49EC-9C97-9799910E7E60}
	EndProjectSection
EndProject
Project("{2150E333-8FDC-42A3-9474-1A3956D46DE8}") = "87. C++Dubbo客户端", "87. C++Dubbo客户端", "{883C08D2-46F8-463B-93C6-65508F89607E}"
EndProject
Project("{8BC9CEB8-8B4A-11D0-8D11-00A0C91BC942}") = "GxxGmWebSocket", "GxxGmWebSocket\GxxGmWebSocket.vcproj", "{40D32F45-79F7-4385-A9DC-0A81A5DCCCC8}"
EndProject
Project("{8BC9CEB8-8B4A-11D0-8D11-00A0C91BC942}") = "GxxGmWinService", "GxxGmWinService\GxxGmWinService.vcproj", "{CE261A2C-D5A3-4FF4-8ED2-D61F791EA883}"
EndProject
Project("{2150E333-8FDC-42A3-9474-1A3956D46DE8}") = "20. Chrome播放器插件", "20. Chrome播放器插件", "{42D04945-E564-4B65-ACCF-56FF8DDB0298}"
EndProject
Project("{8BC9CEB8-8B4A-11D0-8D11-00A0C91BC942}") = "GxxGmChromePluginPlatform", "GxxGmChromePluginPlatform\GxxGmChromePluginPlatform.vcproj", "{C0C83B4D-469F-41BF-9C3E-ACF679459E65}"
EndProject
Project("{8BC9CEB8-8B4A-11D0-8D11-00A0C91BC942}") = "liblte", "liblte\liblte.vcproj", "{499372FF-848F-4BEB-9A59-B695AC74EE05}"
EndProject
Project("{8BC9CEB8-8B4A-11D0-8D11-00A0C91BC942}") = "GxxGmServicePlatform", "GxxGmServicePlatform\GxxGmServicePlatform.vcproj", "{DD81D1D6-122F-4A84-B5CB-1D15488B373C}"
EndProject
Project("{2150E333-8FDC-42A3-9474-1A3956D46DE8}") = "95. 技术预研", "95. 技术预研", "{51BA5057-48AB-4F3A-BCA5-F8E05E0BA315}"
EndProject
Project("{8BC9CEB8-8B4A-11D0-8D11-00A0C91BC942}") = "GxxGmWndFollow", "GxxGmWndFollow\GxxGmWndFollow.vcproj", "{EA5CE17C-EAB0-4814-83C8-55CC9DA9B588}"
EndProject
Project("{8BC9CEB8-8B4A-11D0-8D11-00A0C91BC942}") = "GxxGmChromeWndFollow", "GxxGmChromeWndFollow\GxxGmChromeWndFollow.vcproj", "{AD48DE7F-B5DC-4FCF-8642-DC1F83E3FA7B}"
EndProject
Project("{8BC9CEB8-8B4A-11D0-8D11-00A0C91BC942}") = "GxxGmMsgFilter", "GxxGmMsgFilter\GxxGmMsgFilter.vcproj", "{79544993-8E22-4EE8-932E-E1E7BBAEDA18}"
EndProject
Global
	GlobalSection(SolutionConfigurationPlatforms) = preSolution
		Debug|Win32 = Debug|Win32
		Release|Win32 = Release|Win32
	EndGlobalSection
	GlobalSection(ProjectConfigurationPlatforms) = postSolution
		{2C27BE4C-3C1D-4491-9128-3D602DBAB2BD}.Debug|Win32.ActiveCfg = Debug|Win32
		{2C27BE4C-3C1D-4491-9128-3D602DBAB2BD}.Debug|Win32.Build.0 = Debug|Win32
		{2C27BE4C-3C1D-4491-9128-3D602DBAB2BD}.Release|Win32.ActiveCfg = Release|Win32
		{2C27BE4C-3C1D-4491-9128-3D602DBAB2BD}.Release|Win32.Build.0 = Release|Win32
		{B181219F-9C93-46EA-BB02-8E36E8625DC6}.Debug|Win32.ActiveCfg = Debug|Win32
		{B181219F-9C93-46EA-BB02-8E36E8625DC6}.Debug|Win32.Build.0 = Debug|Win32
		{B181219F-9C93-46EA-BB02-8E36E8625DC6}.Release|Win32.ActiveCfg = Release|Win32
		{B181219F-9C93-46EA-BB02-8E36E8625DC6}.Release|Win32.Build.0 = Release|Win32
		{50297366-62E7-4EE1-A31F-684D54D796D4}.Debug|Win32.ActiveCfg = Debug|Win32
		{50297366-62E7-4EE1-A31F-684D54D796D4}.Debug|Win32.Build.0 = Debug|Win32
		{50297366-62E7-4EE1-A31F-684D54D796D4}.Release|Win32.ActiveCfg = Release|Win32
		{50297366-62E7-4EE1-A31F-684D54D796D4}.Release|Win32.Build.0 = Release|Win32
		{3590ABAF-2983-42D5-8D29-BE3943A1ABBB}.Debug|Win32.ActiveCfg = Debug|Win32
		{3590ABAF-2983-42D5-8D29-BE3943A1ABBB}.Debug|Win32.Build.0 = Debug|Win32
		{3590ABAF-2983-42D5-8D29-BE3943A1ABBB}.Release|Win32.ActiveCfg = Release|Win32
		{3590ABAF-2983-42D5-8D29-BE3943A1ABBB}.Release|Win32.Build.0 = Release|Win32
		{6B767E5F-61CD-460A-9640-BA7C95D3B18A}.Debug|Win32.ActiveCfg = Debug|Win32
		{6B767E5F-61CD-460A-9640-BA7C95D3B18A}.Debug|Win32.Build.0 = Debug|Win32
		{6B767E5F-61CD-460A-9640-BA7C95D3B18A}.Release|Win32.ActiveCfg = Release|Win32
		{6B767E5F-61CD-460A-9640-BA7C95D3B18A}.Release|Win32.Build.0 = Release|Win32
		{D4C3F54A-2718-436B-B26F-523665E0A203}.Debug|Win32.ActiveCfg = Debug|Win32
		{D4C3F54A-2718-436B-B26F-523665E0A203}.Debug|Win32.Build.0 = Debug|Win32
		{D4C3F54A-2718-436B-B26F-523665E0A203}.Release|Win32.ActiveCfg = Release|Win32
		{D4C3F54A-2718-436B-B26F-523665E0A203}.Release|Win32.Build.0 = Release|Win32
		{C9C7EEDA-2C42-4CE8-9772-B02306AFDE33}.Debug|Win32.ActiveCfg = Debug|Win32
		{C9C7EEDA-2C42-4CE8-9772-B02306AFDE33}.Debug|Win32.Build.0 = Debug|Win32
		{C9C7EEDA-2C42-4CE8-9772-B02306AFDE33}.Release|Win32.ActiveCfg = Release|Win32
		{C9C7EEDA-2C42-4CE8-9772-B02306AFDE33}.Release|Win32.Build.0 = Release|Win32
		{D09B1D94-0162-4229-9C37-0D43325677A2}.Debug|Win32.ActiveCfg = Debug|Win32
		{D09B1D94-0162-4229-9C37-0D43325677A2}.Debug|Win32.Build.0 = Debug|Win32
		{D09B1D94-0162-4229-9C37-0D43325677A2}.Release|Win32.ActiveCfg = Release|Win32
		{D09B1D94-0162-4229-9C37-0D43325677A2}.Release|Win32.Build.0 = Release|Win32
		{77516EF8-7731-4666-B9E1-67553C565325}.Debug|Win32.ActiveCfg = Debug|Win32
		{77516EF8-7731-4666-B9E1-67553C565325}.Debug|Win32.Build.0 = Debug|Win32
		{77516EF8-7731-4666-B9E1-67553C565325}.Release|Win32.ActiveCfg = Release|Win32
		{77516EF8-7731-4666-B9E1-67553C565325}.Release|Win32.Build.0 = Release|Win32
		{164C58A1-78D4-4A04-93CB-3547CA0174CA}.Debug|Win32.ActiveCfg = Debug|Win32
		{164C58A1-78D4-4A04-93CB-3547CA0174CA}.Debug|Win32.Build.0 = Debug|Win32
		{164C58A1-78D4-4A04-93CB-3547CA0174CA}.Release|Win32.ActiveCfg = Release|Win32
		{164C58A1-78D4-4A04-93CB-3547CA0174CA}.Release|Win32.Build.0 = Release|Win32
		{C7A0E771-4ACD-4335-993D-71254DADDA2E}.Debug|Win32.ActiveCfg = Debug|Win32
		{C7A0E771-4ACD-4335-993D-71254DADDA2E}.Debug|Win32.Build.0 = Debug|Win32
		{C7A0E771-4ACD-4335-993D-71254DADDA2E}.Release|Win32.ActiveCfg = Release|Win32
		{C7A0E771-4ACD-4335-993D-71254DADDA2E}.Release|Win32.Build.0 = Release|Win32
		{A8A4EC80-33B8-41B7-8677-9E45284B0781}.Debug|Win32.ActiveCfg = Debug|Win32
		{A8A4EC80-33B8-41B7-8677-9E45284B0781}.Debug|Win32.Build.0 = Debug|Win32
		{A8A4EC80-33B8-41B7-8677-9E45284B0781}.Release|Win32.ActiveCfg = Release|Win32
		{A8A4EC80-33B8-41B7-8677-9E45284B0781}.Release|Win32.Build.0 = Release|Win32
		{4E23D67D-8DEA-4731-AF9A-0A731357803A}.Debug|Win32.ActiveCfg = Debug|Win32
		{4E23D67D-8DEA-4731-AF9A-0A731357803A}.Debug|Win32.Build.0 = Debug|Win32
		{4E23D67D-8DEA-4731-AF9A-0A731357803A}.Release|Win32.ActiveCfg = Release|Win32
		{4E23D67D-8DEA-4731-AF9A-0A731357803A}.Release|Win32.Build.0 = Release|Win32
		{B8D8ADBC-9721-4B79-8C4A-4278136019FA}.Debug|Win32.ActiveCfg = Debug|Win32
		{B8D8ADBC-9721-4B79-8C4A-4278136019FA}.Debug|Win32.Build.0 = Debug|Win32
		{B8D8ADBC-9721-4B79-8C4A-4278136019FA}.Release|Win32.ActiveCfg = Release|Win32
		{B8D8ADBC-9721-4B79-8C4A-4278136019FA}.Release|Win32.Build.0 = Release|Win32
		{42738EB4-164E-4197-B76C-492F3EB45C5A}.Debug|Win32.ActiveCfg = Debug|Win32
		{42738EB4-164E-4197-B76C-492F3EB45C5A}.Debug|Win32.Build.0 = Debug|Win32
		{42738EB4-164E-4197-B76C-492F3EB45C5A}.Release|Win32.ActiveCfg = Release|Win32
		{42738EB4-164E-4197-B76C-492F3EB45C5A}.Release|Win32.Build.0 = Release|Win32
		{76F87F53-EAA4-4598-8612-C6B1B44E6F42}.Debug|Win32.ActiveCfg = Debug|Win32
		{76F87F53-EAA4-4598-8612-C6B1B44E6F42}.Debug|Win32.Build.0 = Debug|Win32
		{76F87F53-EAA4-4598-8612-C6B1B44E6F42}.Release|Win32.ActiveCfg = Release|Win32
		{76F87F53-EAA4-4598-8612-C6B1B44E6F42}.Release|Win32.Build.0 = Release|Win32
		{31E72242-C694-4E3F-9588-6C9C33FC2281}.Debug|Win32.ActiveCfg = Debug|Win32
		{31E72242-C694-4E3F-9588-6C9C33FC2281}.Debug|Win32.Build.0 = Debug|Win32
		{31E72242-C694-4E3F-9588-6C9C33FC2281}.Release|Win32.ActiveCfg = Release|Win32
		{31E72242-C694-4E3F-9588-6C9C33FC2281}.Release|Win32.Build.0 = Release|Win32
		{6805533D-5F96-49F5-94A4-FEC0F2D1FDF5}.Debug|Win32.ActiveCfg = Debug|Win32
		{6805533D-5F96-49F5-94A4-FEC0F2D1FDF5}.Debug|Win32.Build.0 = Debug|Win32
		{6805533D-5F96-49F5-94A4-FEC0F2D1FDF5}.Release|Win32.ActiveCfg = Release|Win32
		{6805533D-5F96-49F5-94A4-FEC0F2D1FDF5}.Release|Win32.Build.0 = Release|Win32
		{E00A3784-4AAD-4E8D-8296-51CF07555D84}.Debug|Win32.ActiveCfg = Debug|Win32
		{E00A3784-4AAD-4E8D-8296-51CF07555D84}.Debug|Win32.Build.0 = Debug|Win32
		{E00A3784-4AAD-4E8D-8296-51CF07555D84}.Release|Win32.ActiveCfg = Release|Win32
		{E00A3784-4AAD-4E8D-8296-51CF07555D84}.Release|Win32.Build.0 = Release|Win32
		{77B47DCA-9491-49EC-9C97-9799910E7E60}.Debug|Win32.ActiveCfg = Debug|Win32
		{77B47DCA-9491-49EC-9C97-9799910E7E60}.Debug|Win32.Build.0 = Debug|Win32
		{77B47DCA-9491-49EC-9C97-9799910E7E60}.Release|Win32.ActiveCfg = Release|Win32
		{77B47DCA-9491-49EC-9C97-9799910E7E60}.Release|Win32.Build.0 = Release|Win32
		{E9666E9C-28EE-4C00-9816-EA719514FE89}.Debug|Win32.ActiveCfg = Debug|Win32
		{E9666E9C-28EE-4C00-9816-EA719514FE89}.Debug|Win32.Build.0 = Debug|Win32
		{E9666E9C-28EE-4C00-9816-EA719514FE89}.Release|Win32.ActiveCfg = Release|Win32
		{E9666E9C-28EE-4C00-9816-EA719514FE89}.Release|Win32.Build.0 = Release|Win32
		{40D32F45-79F7-4385-A9DC-0A81A5DCCCC8}.Debug|Win32.ActiveCfg = Debug|Win32
		{40D32F45-79F7-4385-A9DC-0A81A5DCCCC8}.Debug|Win32.Build.0 = Debug|Win32
		{40D32F45-79F7-4385-A9DC-0A81A5DCCCC8}.Release|Win32.ActiveCfg = Release|Win32
		{40D32F45-79F7-4385-A9DC-0A81A5DCCCC8}.Release|Win32.Build.0 = Release|Win32
		{CE261A2C-D5A3-4FF4-8ED2-D61F791EA883}.Debug|Win32.ActiveCfg = Debug|Win32
		{CE261A2C-D5A3-4FF4-8ED2-D61F791EA883}.Debug|Win32.Build.0 = Debug|Win32
		{CE261A2C-D5A3-4FF4-8ED2-D61F791EA883}.Release|Win32.ActiveCfg = Release|Win32
		{CE261A2C-D5A3-4FF4-8ED2-D61F791EA883}.Release|Win32.Build.0 = Release|Win32		{DC18760E-0BB4-4547-AB2A-F599718E2BB0}.Debug|Win32.ActiveCfg = Debug|Win32
		{C0C83B4D-469F-41BF-9C3E-ACF679459E65}.Debug|Win32.ActiveCfg = Debug|Win32
		{C0C83B4D-469F-41BF-9C3E-ACF679459E65}.Debug|Win32.Build.0 = Debug|Win32
		{C0C83B4D-469F-41BF-9C3E-ACF679459E65}.Release|Win32.ActiveCfg = Release|Win32
		{C0C83B4D-469F-41BF-9C3E-ACF679459E65}.Release|Win32.Build.0 = Release|Win32
		{499372FF-848F-4BEB-9A59-B695AC74EE05}.Debug|Win32.ActiveCfg = Debug|Win32
		{499372FF-848F-4BEB-9A59-B695AC74EE05}.Debug|Win32.Build.0 = Debug|Win32
		{499372FF-848F-4BEB-9A59-B695AC74EE05}.Release|Win32.ActiveCfg = Release|Win32
		{499372FF-848F-4BEB-9A59-B695AC74EE05}.Release|Win32.Build.0 = Release|Win32
		{DD81D1D6-122F-4A84-B5CB-1D15488B373C}.Debug|Win32.ActiveCfg = Debug|Win32
		{DD81D1D6-122F-4A84-B5CB-1D15488B373C}.Debug|Win32.Build.0 = Debug|Win32
		{DD81D1D6-122F-4A84-B5CB-1D15488B373C}.Release|Win32.ActiveCfg = Release|Win32
		{DD81D1D6-122F-4A84-B5CB-1D15488B373C}.Release|Win32.Build.0 = Release|Win32
		{EA5CE17C-EAB0-4814-83C8-55CC9DA9B588}.Debug|Win32.ActiveCfg = Debug|Win32
		{EA5CE17C-EAB0-4814-83C8-55CC9DA9B588}.Debug|Win32.Build.0 = Debug|Win32
		{EA5CE17C-EAB0-4814-83C8-55CC9DA9B588}.Release|Win32.ActiveCfg = Release|Win32
		{EA5CE17C-EAB0-4814-83C8-55CC9DA9B588}.Release|Win32.Build.0 = Release|Win32
		{AD48DE7F-B5DC-4FCF-8642-DC1F83E3FA7B}.Debug|Win32.ActiveCfg = Debug|Win32
		{AD48DE7F-B5DC-4FCF-8642-DC1F83E3FA7B}.Debug|Win32.Build.0 = Debug|Win32
		{AD48DE7F-B5DC-4FCF-8642-DC1F83E3FA7B}.Release|Win32.ActiveCfg = Release|Win32
		{AD48DE7F-B5DC-4FCF-8642-DC1F83E3FA7B}.Release|Win32.Build.0 = Release|Win32
		{79544993-8E22-4EE8-932E-E1E7BBAEDA18}.Debug|Win32.ActiveCfg = Debug|Win32
		{79544993-8E22-4EE8-932E-E1E7BBAEDA18}.Debug|Win32.Build.0 = Debug|Win32
		{79544993-8E22-4EE8-932E-E1E7BBAEDA18}.Release|Win32.ActiveCfg = Release|Win32
		{79544993-8E22-4EE8-932E-E1E7BBAEDA18}.Release|Win32.Build.0 = Release|Win32
	EndGlobalSection
	GlobalSection(SolutionProperties) = preSolution
		HideSolutionNode = FALSE
	EndGlobalSection
	GlobalSection(NestedProjects) = preSolution
		{2C27BE4C-3C1D-4491-9128-3D602DBAB2BD} = {0133A647-FD2D-41B2-A0A6-AD03D5487754}
		{50297366-62E7-4EE1-A31F-684D54D796D4} = {0133A647-FD2D-41B2-A0A6-AD03D5487754}
		{D4C3F54A-2718-436B-B26F-523665E0A203} = {0133A647-FD2D-41B2-A0A6-AD03D5487754}
		{A8A4EC80-33B8-41B7-8677-9E45284B0781} = {0133A647-FD2D-41B2-A0A6-AD03D5487754}
		{B181219F-9C93-46EA-BB02-8E36E8625DC6} = {F5ED3139-3E61-4115-A357-E87B513587C5}
		{6B767E5F-61CD-460A-9640-BA7C95D3B18A} = {F5ED3139-3E61-4115-A357-E87B513587C5}
		{C9C7EEDA-2C42-4CE8-9772-B02306AFDE33} = {F5ED3139-3E61-4115-A357-E87B513587C5}
		{3590ABAF-2983-42D5-8D29-BE3943A1ABBB} = {17A95C39-5B25-4916-A515-2B10E5388FA8}
		{D09B1D94-0162-4229-9C37-0D43325677A2} = {8196E7F7-C845-49A6-B1D9-4DE35423FF50}
		{77516EF8-7731-4666-B9E1-67553C565325} = {8196E7F7-C845-49A6-B1D9-4DE35423FF50}
		{C7A0E771-4ACD-4335-993D-71254DADDA2E} = {8196E7F7-C845-49A6-B1D9-4DE35423FF50}
		{164C58A1-78D4-4A04-93CB-3547CA0174CA} = {4D058DDD-A906-4F95-B901-F631711ED95C}
		{4E23D67D-8DEA-4731-AF9A-0A731357803A} = {9714875C-24D8-499D-A6FD-B7F58916FBC3}
		{76F87F53-EAA4-4598-8612-C6B1B44E6F42} = {9714875C-24D8-499D-A6FD-B7F58916FBC3}
		{B8D8ADBC-9721-4B79-8C4A-4278136019FA} = {FDF461D0-2298-42BC-89BE-DA3449678D0C}
		{42738EB4-164E-4197-B76C-492F3EB45C5A} = {FDF461D0-2298-42BC-89BE-DA3449678D0C}
		{31E72242-C694-4E3F-9588-6C9C33FC2281} = {FDF461D0-2298-42BC-89BE-DA3449678D0C}
		{40D32F45-79F7-4385-A9DC-0A81A5DCCCC8} = {FDF461D0-2298-42BC-89BE-DA3449678D0C}
		{CE261A2C-D5A3-4FF4-8ED2-D61F791EA883} = {FDF461D0-2298-42BC-89BE-DA3449678D0C}
		{DD81D1D6-122F-4A84-B5CB-1D15488B373C} = {FDF461D0-2298-42BC-89BE-DA3449678D0C}
		{6805533D-5F96-49F5-94A4-FEC0F2D1FDF5} = {6A0BD99C-07FE-4204-8E04-714C4468A598}
		{E00A3784-4AAD-4E8D-8296-51CF07555D84} = {5CE32939-C2B5-4794-B6A9-0F45E19A6757}
		{77B47DCA-9491-49EC-9C97-9799910E7E60} = {E17FA41D-A76D-40A2-9872-54B451FED233}
		{E9666E9C-28EE-4C00-9816-EA719514FE89} = {E17FA41D-A76D-40A2-9872-54B451FED233}
		{C0C83B4D-469F-41BF-9C3E-ACF679459E65} = {42D04945-E564-4B65-ACCF-56FF8DDB0298}
		{AD48DE7F-B5DC-4FCF-8642-DC1F83E3FA7B} = {42D04945-E564-4B65-ACCF-56FF8DDB0298}
		{79544993-8E22-4EE8-932E-E1E7BBAEDA18} = {42D04945-E564-4B65-ACCF-56FF8DDB0298}
	EndGlobalSection
EndGlobal
